
Microsoft Visual Studio Solution File, Format Version 12.00
# Visual Studio 15
VisualStudioVersion = 15.0.27130.2010
MinimumVisualStudioVersion = 10.0.40219.1
Project("{9A19103F-16F7-4668-BE54-9A1E7A4F7556}") = "Excalibur.Cross", "Excalibur.Cross\Excalibur.Cross.csproj", "{8CD6A3A6-B0F4-442D-B8B3-6A29EDC5BC8E}"
EndProject
Project("{9A19103F-16F7-4668-BE54-9A1E7A4F7556}") = "Excalibur.Avalon", "Excalibur.Avalon\Excalibur.Avalon.csproj", "{DCC7B30E-1D2F-4F2F-BBF8-04CE6EF9C0D7}"
EndProject
Project("{2150E333-8FDC-42A3-9474-1A3956D46DE8}") = "Examples", "Examples", "{F67211A5-9725-4D99-AA46-E7AFEE908394}"
EndProject
Project("{2150E333-8FDC-42A3-9474-1A3956D46DE8}") = "MvvmCross", "MvvmCross", "{8AF372D1-9B9F-4B8E-9887-3DB6B7D0D0B3}"
EndProject
Project("{FAE04EC0-301F-11D3-BF4B-00C04F79EFBC}") = "Excalibur.Tests.Cross.iOS", "Examples\MvvmCross\Excalibur.Tests.Cross.iOS\Excalibur.Tests.Cross.iOS.csproj", "{26B95D89-96E1-4091-9F7D-489EF4DB8349}"
EndProject
Project("{9A19103F-16F7-4668-BE54-9A1E7A4F7556}") = "Excalibur.Tests.Cross.Core", "Examples\MvvmCross\Excalibur.Tests.Cross.Core\Excalibur.Tests.Cross.Core.csproj", "{DB1BBFCC-A5EC-4AA1-A677-2C528357B2B9}"
EndProject
Project("{FAE04EC0-301F-11D3-BF4B-00C04F79EFBC}") = "Excalibur.Tests.Cross.Uwp", "Examples\MvvmCross\Excalibur.Tests.Cross.Uwp\Excalibur.Tests.Cross.Uwp.csproj", "{6E4AAAC8-1C17-49A7-8652-689AD9F272C8}"
EndProject
Project("{FAE04EC0-301F-11D3-BF4B-00C04F79EFBC}") = "Excalibur.Tests.Cross.Android", "Examples\MvvmCross\Excalibur.Tests.Cross.Android\Excalibur.Tests.Cross.Android.csproj", "{3BC0AC7E-3B3B-4D3F-9CC0-B2BDECC460A6}"
EndProject
Project("{2150E333-8FDC-42A3-9474-1A3956D46DE8}") = "SolutionFiles", "SolutionFiles", "{1B1FD36B-3763-4926-83CE-48690505E909}"
	ProjectSection(SolutionItems) = preProject
		.editorconfig = .editorconfig
		CHANGELOG.md = CHANGELOG.md
		Directory.build.props = Directory.build.props
		Directory.build.targets = Directory.build.targets
		global.json = global.json
		README.md = README.md
	EndProjectSection
EndProject
Project("{2150E333-8FDC-42A3-9474-1A3956D46DE8}") = "Tests", "Tests", "{F1E25F01-5A7C-4290-A7C9-F0A6DC9FBC65}"
EndProject
Project("{9A19103F-16F7-4668-BE54-9A1E7A4F7556}") = "Excalibur.Shared.Tests", "Tests\Excalibur.Shared.Tests\Excalibur.Shared.Tests.csproj", "{7373FB7F-7D8C-42B8-8D78-AEE9E76C524C}"
EndProject
Project("{2150E333-8FDC-42A3-9474-1A3956D46DE8}") = "MvvmCross.Forms", "MvvmCross.Forms", "{BCD9204D-5D83-420E-B32A-1DAFD4A50E67}"
EndProject
Project("{9A19103F-16F7-4668-BE54-9A1E7A4F7556}") = "Excalibur.Providers.FileStorage", "Providers\Excalibur.Providers.FileStorage\Excalibur.Providers.FileStorage.csproj", "{55928A6C-F0EA-4D62-B5AE-72455312B264}"
EndProject
Project("{2150E333-8FDC-42A3-9474-1A3956D46DE8}") = "Providers", "Providers", "{E2E41C4B-6910-4662-83DE-41792E72FACF}"
EndProject
Project("{2150E333-8FDC-42A3-9474-1A3956D46DE8}") = "Docs", "Docs", "{3023740F-4B8B-46AC-B192-37144F23CBE4}"
EndProject
Project("{9A19103F-16F7-4668-BE54-9A1E7A4F7556}") = "Excalibur.Base", "Excalibur.Base\Excalibur.Base.csproj", "{C78329B8-8BA1-47FC-AFF8-D21793BA3B4D}"
EndProject
Project("{2150E333-8FDC-42A3-9474-1A3956D46DE8}") = "Plugins", "Plugins", "{B0CC6DCE-A80D-48B6-9523-8A61BA1BF004}"
	ProjectSection(SolutionItems) = preProject
		Plugins\Directory.build.targets = Plugins\Directory.build.targets
		Plugins\XamarinBuild.targets = Plugins\XamarinBuild.targets
	EndProjectSection
EndProject
Project("{9A19103F-16F7-4668-BE54-9A1E7A4F7556}") = "Excalibur.Providers.LiteDb", "Providers\Excalibur.Providers.LiteDb\Excalibur.Providers.LiteDb.csproj", "{FC75E57E-3B8E-4798-8131-2C1BFB323318}"
EndProject
Project("{9A19103F-16F7-4668-BE54-9A1E7A4F7556}") = "Excalibur.MvvmCross.Plugin.ProtectedStore", "Plugins\ProtectedStore\Excalibur.MvvmCross.Plugin.ProtectedStore.csproj", "{EB5A5557-A776-46C7-9BD0-FFC5F822D8B7}"
EndProject
Project("{9A19103F-16F7-4668-BE54-9A1E7A4F7556}") = "Excalibur.MvvmCross.Plugin.RootChecker", "Plugins\RootChecker\Excalibur.MvvmCross.Plugin.RootChecker.csproj", "{3B84D020-558E-4B8C-867F-F74ACA34C25E}"
EndProject
Project("{FAE04EC0-301F-11D3-BF4B-00C04F79EFBC}") = "Excalibur.Providers.EncryptedFileStorage", "Providers\Excalibur.Providers.EncryptedFileStorage\Excalibur.Providers.EncryptedFileStorage.csproj", "{7A60B781-E323-42F0-830B-D130ECDA2F72}"
EndProject
Project("{9A19103F-16F7-4668-BE54-9A1E7A4F7556}") = "Excalibur.Providers.Encryption", "Providers\Excalibur.Providers.Encryption\Excalibur.Providers.Encryption.csproj", "{D04E5F56-4B9C-4A74-94FD-35AD597A0B0F}"
EndProject
Project("{2150E333-8FDC-42A3-9474-1A3956D46DE8}") = "MvvmCross.Encryption", "MvvmCross.Encryption", "{2ACC362C-39F3-4BE7-95C5-9F3CDB895366}"
EndProject
Project("{9A19103F-16F7-4668-BE54-9A1E7A4F7556}") = "Excalibur.Tests.Encrypted.Cross.Core", "Examples\MvvmCross.Encrypted\Excalibur.Tests.Encryption.Cross.Core\Excalibur.Tests.Encrypted.Cross.Core.csproj", "{8BB66DAD-5E85-40C7-B168-AE8FF4E505E0}"
EndProject
Project("{FAE04EC0-301F-11D3-BF4B-00C04F79EFBC}") = "Excalibur.Tests.Encrypted.Cross.Uwp", "Examples\MvvmCross.Encrypted\Excalibur.Tests.Encryption.Cross.Uwp\Excalibur.Tests.Encrypted.Cross.Uwp.csproj", "{805F1666-508A-401D-BE0E-AEF12AE1C537}"
EndProject
Project("{FAE04EC0-301F-11D3-BF4B-00C04F79EFBC}") = "Excalibur.Tests.FormsCross.Droid", "Examples\MvvmCross.Forms\Excalibur.Tests.FormsCross.Droid\Excalibur.Tests.FormsCross.Droid.csproj", "{8640FAF5-9D3C-4711-92EE-0342670EB646}"
EndProject
Project("{FAE04EC0-301F-11D3-BF4B-00C04F79EFBC}") = "Excalibur.Tests.FormsCross.Ios", "Examples\MvvmCross.Forms\Excalibur.Tests.FormsCross.Ios\Excalibur.Tests.FormsCross.Ios.csproj", "{413A68D6-35E2-4ECB-8CC6-A36A8C5642F4}"
EndProject
Project("{FAE04EC0-301F-11D3-BF4B-00C04F79EFBC}") = "Excalibur.Tests.FormsCross.Uwp", "Examples\MvvmCross.Forms\Excalibur.Tests.FormsCross.Uwp\Excalibur.Tests.FormsCross.Uwp.csproj", "{76834ABB-9904-4178-A985-3B802910BE3C}"
EndProject
Project("{9A19103F-16F7-4668-BE54-9A1E7A4F7556}") = "Excalibur.Tests.FormsCross.Core", "Examples\MvvmCross.Forms\Excalibur.Tests.FormsCross.Core\Excalibur.Tests.FormsCross.Core.csproj", "{10F2F5C0-CE50-4401-A846-0BA7333245E9}"
EndProject
Project("{9A19103F-16F7-4668-BE54-9A1E7A4F7556}") = "Excalibur.Tests.FormsCross.Core.Ui", "Examples\MvvmCross.Forms\Excalibur.Tests.FormsCross.Core.Ui\Excalibur.Tests.FormsCross.Core.Ui.csproj", "{05AE3AF6-EE1D-44CB-B7E0-BFB15CD30BF6}"
EndProject
Global
	GlobalSection(SolutionConfigurationPlatforms) = preSolution
		Ad-Hoc|Any CPU = Ad-Hoc|Any CPU
		Ad-Hoc|ARM = Ad-Hoc|ARM
		Ad-Hoc|iPhone = Ad-Hoc|iPhone
		Ad-Hoc|iPhoneSimulator = Ad-Hoc|iPhoneSimulator
		Ad-Hoc|x64 = Ad-Hoc|x64
		Ad-Hoc|x86 = Ad-Hoc|x86
		AppStore|Any CPU = AppStore|Any CPU
		AppStore|ARM = AppStore|ARM
		AppStore|iPhone = AppStore|iPhone
		AppStore|iPhoneSimulator = AppStore|iPhoneSimulator
		AppStore|x64 = AppStore|x64
		AppStore|x86 = AppStore|x86
		Debug|Any CPU = Debug|Any CPU
		Debug|ARM = Debug|ARM
		Debug|iPhone = Debug|iPhone
		Debug|iPhoneSimulator = Debug|iPhoneSimulator
		Debug|x64 = Debug|x64
		Debug|x86 = Debug|x86
		Release|Any CPU = Release|Any CPU
		Release|ARM = Release|ARM
		Release|iPhone = Release|iPhone
		Release|iPhoneSimulator = Release|iPhoneSimulator
		Release|x64 = Release|x64
		Release|x86 = Release|x86
	EndGlobalSection
	GlobalSection(ProjectConfigurationPlatforms) = postSolution
		{8CD6A3A6-B0F4-442D-B8B3-6A29EDC5BC8E}.Ad-Hoc|Any CPU.ActiveCfg = Release|Any CPU
		{8CD6A3A6-B0F4-442D-B8B3-6A29EDC5BC8E}.Ad-Hoc|Any CPU.Build.0 = Release|Any CPU
		{8CD6A3A6-B0F4-442D-B8B3-6A29EDC5BC8E}.Ad-Hoc|ARM.ActiveCfg = Release|Any CPU
		{8CD6A3A6-B0F4-442D-B8B3-6A29EDC5BC8E}.Ad-Hoc|ARM.Build.0 = Release|Any CPU
		{8CD6A3A6-B0F4-442D-B8B3-6A29EDC5BC8E}.Ad-Hoc|iPhone.ActiveCfg = Release|Any CPU
		{8CD6A3A6-B0F4-442D-B8B3-6A29EDC5BC8E}.Ad-Hoc|iPhone.Build.0 = Release|Any CPU
		{8CD6A3A6-B0F4-442D-B8B3-6A29EDC5BC8E}.Ad-Hoc|iPhoneSimulator.ActiveCfg = Release|Any CPU
		{8CD6A3A6-B0F4-442D-B8B3-6A29EDC5BC8E}.Ad-Hoc|iPhoneSimulator.Build.0 = Release|Any CPU
		{8CD6A3A6-B0F4-442D-B8B3-6A29EDC5BC8E}.Ad-Hoc|x64.ActiveCfg = Release|Any CPU
		{8CD6A3A6-B0F4-442D-B8B3-6A29EDC5BC8E}.Ad-Hoc|x64.Build.0 = Release|Any CPU
		{8CD6A3A6-B0F4-442D-B8B3-6A29EDC5BC8E}.Ad-Hoc|x86.ActiveCfg = Release|Any CPU
		{8CD6A3A6-B0F4-442D-B8B3-6A29EDC5BC8E}.Ad-Hoc|x86.Build.0 = Release|Any CPU
		{8CD6A3A6-B0F4-442D-B8B3-6A29EDC5BC8E}.AppStore|Any CPU.ActiveCfg = Release|Any CPU
		{8CD6A3A6-B0F4-442D-B8B3-6A29EDC5BC8E}.AppStore|Any CPU.Build.0 = Release|Any CPU
		{8CD6A3A6-B0F4-442D-B8B3-6A29EDC5BC8E}.AppStore|ARM.ActiveCfg = Release|Any CPU
		{8CD6A3A6-B0F4-442D-B8B3-6A29EDC5BC8E}.AppStore|ARM.Build.0 = Release|Any CPU
		{8CD6A3A6-B0F4-442D-B8B3-6A29EDC5BC8E}.AppStore|iPhone.ActiveCfg = Release|Any CPU
		{8CD6A3A6-B0F4-442D-B8B3-6A29EDC5BC8E}.AppStore|iPhone.Build.0 = Release|Any CPU
		{8CD6A3A6-B0F4-442D-B8B3-6A29EDC5BC8E}.AppStore|iPhoneSimulator.ActiveCfg = Release|Any CPU
		{8CD6A3A6-B0F4-442D-B8B3-6A29EDC5BC8E}.AppStore|iPhoneSimulator.Build.0 = Release|Any CPU
		{8CD6A3A6-B0F4-442D-B8B3-6A29EDC5BC8E}.AppStore|x64.ActiveCfg = Release|Any CPU
		{8CD6A3A6-B0F4-442D-B8B3-6A29EDC5BC8E}.AppStore|x64.Build.0 = Release|Any CPU
		{8CD6A3A6-B0F4-442D-B8B3-6A29EDC5BC8E}.AppStore|x86.ActiveCfg = Release|Any CPU
		{8CD6A3A6-B0F4-442D-B8B3-6A29EDC5BC8E}.AppStore|x86.Build.0 = Release|Any CPU
		{8CD6A3A6-B0F4-442D-B8B3-6A29EDC5BC8E}.Debug|Any CPU.ActiveCfg = Debug|Any CPU
		{8CD6A3A6-B0F4-442D-B8B3-6A29EDC5BC8E}.Debug|Any CPU.Build.0 = Debug|Any CPU
		{8CD6A3A6-B0F4-442D-B8B3-6A29EDC5BC8E}.Debug|ARM.ActiveCfg = Debug|Any CPU
		{8CD6A3A6-B0F4-442D-B8B3-6A29EDC5BC8E}.Debug|ARM.Build.0 = Debug|Any CPU
		{8CD6A3A6-B0F4-442D-B8B3-6A29EDC5BC8E}.Debug|iPhone.ActiveCfg = Debug|Any CPU
		{8CD6A3A6-B0F4-442D-B8B3-6A29EDC5BC8E}.Debug|iPhone.Build.0 = Debug|Any CPU
		{8CD6A3A6-B0F4-442D-B8B3-6A29EDC5BC8E}.Debug|iPhoneSimulator.ActiveCfg = Debug|Any CPU
		{8CD6A3A6-B0F4-442D-B8B3-6A29EDC5BC8E}.Debug|iPhoneSimulator.Build.0 = Debug|Any CPU
		{8CD6A3A6-B0F4-442D-B8B3-6A29EDC5BC8E}.Debug|x64.ActiveCfg = Debug|Any CPU
		{8CD6A3A6-B0F4-442D-B8B3-6A29EDC5BC8E}.Debug|x64.Build.0 = Debug|Any CPU
		{8CD6A3A6-B0F4-442D-B8B3-6A29EDC5BC8E}.Debug|x86.ActiveCfg = Debug|Any CPU
		{8CD6A3A6-B0F4-442D-B8B3-6A29EDC5BC8E}.Debug|x86.Build.0 = Debug|Any CPU
		{8CD6A3A6-B0F4-442D-B8B3-6A29EDC5BC8E}.Release|Any CPU.ActiveCfg = Release|Any CPU
		{8CD6A3A6-B0F4-442D-B8B3-6A29EDC5BC8E}.Release|Any CPU.Build.0 = Release|Any CPU
		{8CD6A3A6-B0F4-442D-B8B3-6A29EDC5BC8E}.Release|ARM.ActiveCfg = Release|Any CPU
		{8CD6A3A6-B0F4-442D-B8B3-6A29EDC5BC8E}.Release|ARM.Build.0 = Release|Any CPU
		{8CD6A3A6-B0F4-442D-B8B3-6A29EDC5BC8E}.Release|iPhone.ActiveCfg = Release|Any CPU
		{8CD6A3A6-B0F4-442D-B8B3-6A29EDC5BC8E}.Release|iPhone.Build.0 = Release|Any CPU
		{8CD6A3A6-B0F4-442D-B8B3-6A29EDC5BC8E}.Release|iPhoneSimulator.ActiveCfg = Release|Any CPU
		{8CD6A3A6-B0F4-442D-B8B3-6A29EDC5BC8E}.Release|iPhoneSimulator.Build.0 = Release|Any CPU
		{8CD6A3A6-B0F4-442D-B8B3-6A29EDC5BC8E}.Release|x64.ActiveCfg = Release|Any CPU
		{8CD6A3A6-B0F4-442D-B8B3-6A29EDC5BC8E}.Release|x64.Build.0 = Release|Any CPU
		{8CD6A3A6-B0F4-442D-B8B3-6A29EDC5BC8E}.Release|x86.ActiveCfg = Release|Any CPU
		{8CD6A3A6-B0F4-442D-B8B3-6A29EDC5BC8E}.Release|x86.Build.0 = Release|Any CPU
		{DCC7B30E-1D2F-4F2F-BBF8-04CE6EF9C0D7}.Ad-Hoc|Any CPU.ActiveCfg = Release|Any CPU
		{DCC7B30E-1D2F-4F2F-BBF8-04CE6EF9C0D7}.Ad-Hoc|Any CPU.Build.0 = Release|Any CPU
		{DCC7B30E-1D2F-4F2F-BBF8-04CE6EF9C0D7}.Ad-Hoc|ARM.ActiveCfg = Release|Any CPU
		{DCC7B30E-1D2F-4F2F-BBF8-04CE6EF9C0D7}.Ad-Hoc|ARM.Build.0 = Release|Any CPU
		{DCC7B30E-1D2F-4F2F-BBF8-04CE6EF9C0D7}.Ad-Hoc|iPhone.ActiveCfg = Release|Any CPU
		{DCC7B30E-1D2F-4F2F-BBF8-04CE6EF9C0D7}.Ad-Hoc|iPhone.Build.0 = Release|Any CPU
		{DCC7B30E-1D2F-4F2F-BBF8-04CE6EF9C0D7}.Ad-Hoc|iPhoneSimulator.ActiveCfg = Release|Any CPU
		{DCC7B30E-1D2F-4F2F-BBF8-04CE6EF9C0D7}.Ad-Hoc|iPhoneSimulator.Build.0 = Release|Any CPU
		{DCC7B30E-1D2F-4F2F-BBF8-04CE6EF9C0D7}.Ad-Hoc|x64.ActiveCfg = Release|Any CPU
		{DCC7B30E-1D2F-4F2F-BBF8-04CE6EF9C0D7}.Ad-Hoc|x64.Build.0 = Release|Any CPU
		{DCC7B30E-1D2F-4F2F-BBF8-04CE6EF9C0D7}.Ad-Hoc|x86.ActiveCfg = Release|Any CPU
		{DCC7B30E-1D2F-4F2F-BBF8-04CE6EF9C0D7}.Ad-Hoc|x86.Build.0 = Release|Any CPU
		{DCC7B30E-1D2F-4F2F-BBF8-04CE6EF9C0D7}.AppStore|Any CPU.ActiveCfg = Release|Any CPU
		{DCC7B30E-1D2F-4F2F-BBF8-04CE6EF9C0D7}.AppStore|Any CPU.Build.0 = Release|Any CPU
		{DCC7B30E-1D2F-4F2F-BBF8-04CE6EF9C0D7}.AppStore|ARM.ActiveCfg = Release|Any CPU
		{DCC7B30E-1D2F-4F2F-BBF8-04CE6EF9C0D7}.AppStore|ARM.Build.0 = Release|Any CPU
		{DCC7B30E-1D2F-4F2F-BBF8-04CE6EF9C0D7}.AppStore|iPhone.ActiveCfg = Release|Any CPU
		{DCC7B30E-1D2F-4F2F-BBF8-04CE6EF9C0D7}.AppStore|iPhone.Build.0 = Release|Any CPU
		{DCC7B30E-1D2F-4F2F-BBF8-04CE6EF9C0D7}.AppStore|iPhoneSimulator.ActiveCfg = Release|Any CPU
		{DCC7B30E-1D2F-4F2F-BBF8-04CE6EF9C0D7}.AppStore|iPhoneSimulator.Build.0 = Release|Any CPU
		{DCC7B30E-1D2F-4F2F-BBF8-04CE6EF9C0D7}.AppStore|x64.ActiveCfg = Release|Any CPU
		{DCC7B30E-1D2F-4F2F-BBF8-04CE6EF9C0D7}.AppStore|x64.Build.0 = Release|Any CPU
		{DCC7B30E-1D2F-4F2F-BBF8-04CE6EF9C0D7}.AppStore|x86.ActiveCfg = Release|Any CPU
		{DCC7B30E-1D2F-4F2F-BBF8-04CE6EF9C0D7}.AppStore|x86.Build.0 = Release|Any CPU
		{DCC7B30E-1D2F-4F2F-BBF8-04CE6EF9C0D7}.Debug|Any CPU.ActiveCfg = Debug|Any CPU
		{DCC7B30E-1D2F-4F2F-BBF8-04CE6EF9C0D7}.Debug|Any CPU.Build.0 = Debug|Any CPU
		{DCC7B30E-1D2F-4F2F-BBF8-04CE6EF9C0D7}.Debug|ARM.ActiveCfg = Debug|Any CPU
		{DCC7B30E-1D2F-4F2F-BBF8-04CE6EF9C0D7}.Debug|ARM.Build.0 = Debug|Any CPU
		{DCC7B30E-1D2F-4F2F-BBF8-04CE6EF9C0D7}.Debug|iPhone.ActiveCfg = Debug|Any CPU
		{DCC7B30E-1D2F-4F2F-BBF8-04CE6EF9C0D7}.Debug|iPhone.Build.0 = Debug|Any CPU
		{DCC7B30E-1D2F-4F2F-BBF8-04CE6EF9C0D7}.Debug|iPhoneSimulator.ActiveCfg = Debug|Any CPU
		{DCC7B30E-1D2F-4F2F-BBF8-04CE6EF9C0D7}.Debug|iPhoneSimulator.Build.0 = Debug|Any CPU
		{DCC7B30E-1D2F-4F2F-BBF8-04CE6EF9C0D7}.Debug|x64.ActiveCfg = Debug|Any CPU
		{DCC7B30E-1D2F-4F2F-BBF8-04CE6EF9C0D7}.Debug|x64.Build.0 = Debug|Any CPU
		{DCC7B30E-1D2F-4F2F-BBF8-04CE6EF9C0D7}.Debug|x86.ActiveCfg = Debug|Any CPU
		{DCC7B30E-1D2F-4F2F-BBF8-04CE6EF9C0D7}.Debug|x86.Build.0 = Debug|Any CPU
		{DCC7B30E-1D2F-4F2F-BBF8-04CE6EF9C0D7}.Release|Any CPU.ActiveCfg = Release|Any CPU
		{DCC7B30E-1D2F-4F2F-BBF8-04CE6EF9C0D7}.Release|Any CPU.Build.0 = Release|Any CPU
		{DCC7B30E-1D2F-4F2F-BBF8-04CE6EF9C0D7}.Release|ARM.ActiveCfg = Release|Any CPU
		{DCC7B30E-1D2F-4F2F-BBF8-04CE6EF9C0D7}.Release|ARM.Build.0 = Release|Any CPU
		{DCC7B30E-1D2F-4F2F-BBF8-04CE6EF9C0D7}.Release|iPhone.ActiveCfg = Release|Any CPU
		{DCC7B30E-1D2F-4F2F-BBF8-04CE6EF9C0D7}.Release|iPhone.Build.0 = Release|Any CPU
		{DCC7B30E-1D2F-4F2F-BBF8-04CE6EF9C0D7}.Release|iPhoneSimulator.ActiveCfg = Release|Any CPU
		{DCC7B30E-1D2F-4F2F-BBF8-04CE6EF9C0D7}.Release|iPhoneSimulator.Build.0 = Release|Any CPU
		{DCC7B30E-1D2F-4F2F-BBF8-04CE6EF9C0D7}.Release|x64.ActiveCfg = Release|Any CPU
		{DCC7B30E-1D2F-4F2F-BBF8-04CE6EF9C0D7}.Release|x64.Build.0 = Release|Any CPU
		{DCC7B30E-1D2F-4F2F-BBF8-04CE6EF9C0D7}.Release|x86.ActiveCfg = Release|Any CPU
		{DCC7B30E-1D2F-4F2F-BBF8-04CE6EF9C0D7}.Release|x86.Build.0 = Release|Any CPU
		{26B95D89-96E1-4091-9F7D-489EF4DB8349}.Ad-Hoc|Any CPU.ActiveCfg = Release|iPhoneSimulator
		{26B95D89-96E1-4091-9F7D-489EF4DB8349}.Ad-Hoc|ARM.ActiveCfg = Release|iPhoneSimulator
		{26B95D89-96E1-4091-9F7D-489EF4DB8349}.Ad-Hoc|iPhone.ActiveCfg = Release|iPhone
		{26B95D89-96E1-4091-9F7D-489EF4DB8349}.Ad-Hoc|iPhoneSimulator.ActiveCfg = Release|iPhoneSimulator
		{26B95D89-96E1-4091-9F7D-489EF4DB8349}.Ad-Hoc|x64.ActiveCfg = Release|iPhoneSimulator
		{26B95D89-96E1-4091-9F7D-489EF4DB8349}.Ad-Hoc|x86.ActiveCfg = Release|iPhoneSimulator
		{26B95D89-96E1-4091-9F7D-489EF4DB8349}.AppStore|Any CPU.ActiveCfg = Release|iPhoneSimulator
		{26B95D89-96E1-4091-9F7D-489EF4DB8349}.AppStore|ARM.ActiveCfg = Release|iPhoneSimulator
		{26B95D89-96E1-4091-9F7D-489EF4DB8349}.AppStore|iPhone.ActiveCfg = Release|iPhone
		{26B95D89-96E1-4091-9F7D-489EF4DB8349}.AppStore|iPhoneSimulator.ActiveCfg = Release|iPhoneSimulator
		{26B95D89-96E1-4091-9F7D-489EF4DB8349}.AppStore|x64.ActiveCfg = Release|iPhoneSimulator
		{26B95D89-96E1-4091-9F7D-489EF4DB8349}.AppStore|x86.ActiveCfg = Release|iPhoneSimulator
		{26B95D89-96E1-4091-9F7D-489EF4DB8349}.Debug|Any CPU.ActiveCfg = Debug|iPhone
		{26B95D89-96E1-4091-9F7D-489EF4DB8349}.Debug|ARM.ActiveCfg = Debug|iPhoneSimulator
		{26B95D89-96E1-4091-9F7D-489EF4DB8349}.Debug|iPhone.ActiveCfg = Debug|iPhone
		{26B95D89-96E1-4091-9F7D-489EF4DB8349}.Debug|iPhone.Build.0 = Debug|iPhone
		{26B95D89-96E1-4091-9F7D-489EF4DB8349}.Debug|iPhoneSimulator.ActiveCfg = Debug|iPhoneSimulator
		{26B95D89-96E1-4091-9F7D-489EF4DB8349}.Debug|iPhoneSimulator.Build.0 = Debug|iPhoneSimulator
		{26B95D89-96E1-4091-9F7D-489EF4DB8349}.Debug|x64.ActiveCfg = Debug|iPhoneSimulator
		{26B95D89-96E1-4091-9F7D-489EF4DB8349}.Debug|x86.ActiveCfg = Debug|iPhoneSimulator
		{26B95D89-96E1-4091-9F7D-489EF4DB8349}.Release|Any CPU.ActiveCfg = Release|iPhone
		{26B95D89-96E1-4091-9F7D-489EF4DB8349}.Release|ARM.ActiveCfg = Release|iPhoneSimulator
		{26B95D89-96E1-4091-9F7D-489EF4DB8349}.Release|iPhone.ActiveCfg = Release|iPhone
		{26B95D89-96E1-4091-9F7D-489EF4DB8349}.Release|iPhone.Build.0 = Release|iPhone
		{26B95D89-96E1-4091-9F7D-489EF4DB8349}.Release|iPhoneSimulator.ActiveCfg = Release|iPhoneSimulator
		{26B95D89-96E1-4091-9F7D-489EF4DB8349}.Release|iPhoneSimulator.Build.0 = Release|iPhoneSimulator
		{26B95D89-96E1-4091-9F7D-489EF4DB8349}.Release|x64.ActiveCfg = Release|iPhoneSimulator
		{26B95D89-96E1-4091-9F7D-489EF4DB8349}.Release|x86.ActiveCfg = Release|iPhoneSimulator
		{DB1BBFCC-A5EC-4AA1-A677-2C528357B2B9}.Ad-Hoc|Any CPU.ActiveCfg = Release|Any CPU
		{DB1BBFCC-A5EC-4AA1-A677-2C528357B2B9}.Ad-Hoc|Any CPU.Build.0 = Release|Any CPU
		{DB1BBFCC-A5EC-4AA1-A677-2C528357B2B9}.Ad-Hoc|ARM.ActiveCfg = Release|Any CPU
		{DB1BBFCC-A5EC-4AA1-A677-2C528357B2B9}.Ad-Hoc|ARM.Build.0 = Release|Any CPU
		{DB1BBFCC-A5EC-4AA1-A677-2C528357B2B9}.Ad-Hoc|iPhone.ActiveCfg = Release|Any CPU
		{DB1BBFCC-A5EC-4AA1-A677-2C528357B2B9}.Ad-Hoc|iPhone.Build.0 = Release|Any CPU
		{DB1BBFCC-A5EC-4AA1-A677-2C528357B2B9}.Ad-Hoc|iPhoneSimulator.ActiveCfg = Release|Any CPU
		{DB1BBFCC-A5EC-4AA1-A677-2C528357B2B9}.Ad-Hoc|iPhoneSimulator.Build.0 = Release|Any CPU
		{DB1BBFCC-A5EC-4AA1-A677-2C528357B2B9}.Ad-Hoc|x64.ActiveCfg = Release|Any CPU
		{DB1BBFCC-A5EC-4AA1-A677-2C528357B2B9}.Ad-Hoc|x64.Build.0 = Release|Any CPU
		{DB1BBFCC-A5EC-4AA1-A677-2C528357B2B9}.Ad-Hoc|x86.ActiveCfg = Release|Any CPU
		{DB1BBFCC-A5EC-4AA1-A677-2C528357B2B9}.Ad-Hoc|x86.Build.0 = Release|Any CPU
		{DB1BBFCC-A5EC-4AA1-A677-2C528357B2B9}.AppStore|Any CPU.ActiveCfg = Release|Any CPU
		{DB1BBFCC-A5EC-4AA1-A677-2C528357B2B9}.AppStore|Any CPU.Build.0 = Release|Any CPU
		{DB1BBFCC-A5EC-4AA1-A677-2C528357B2B9}.AppStore|ARM.ActiveCfg = Release|Any CPU
		{DB1BBFCC-A5EC-4AA1-A677-2C528357B2B9}.AppStore|ARM.Build.0 = Release|Any CPU
		{DB1BBFCC-A5EC-4AA1-A677-2C528357B2B9}.AppStore|iPhone.ActiveCfg = Release|Any CPU
		{DB1BBFCC-A5EC-4AA1-A677-2C528357B2B9}.AppStore|iPhone.Build.0 = Release|Any CPU
		{DB1BBFCC-A5EC-4AA1-A677-2C528357B2B9}.AppStore|iPhoneSimulator.ActiveCfg = Release|Any CPU
		{DB1BBFCC-A5EC-4AA1-A677-2C528357B2B9}.AppStore|iPhoneSimulator.Build.0 = Release|Any CPU
		{DB1BBFCC-A5EC-4AA1-A677-2C528357B2B9}.AppStore|x64.ActiveCfg = Release|Any CPU
		{DB1BBFCC-A5EC-4AA1-A677-2C528357B2B9}.AppStore|x64.Build.0 = Release|Any CPU
		{DB1BBFCC-A5EC-4AA1-A677-2C528357B2B9}.AppStore|x86.ActiveCfg = Release|Any CPU
		{DB1BBFCC-A5EC-4AA1-A677-2C528357B2B9}.AppStore|x86.Build.0 = Release|Any CPU
		{DB1BBFCC-A5EC-4AA1-A677-2C528357B2B9}.Debug|Any CPU.ActiveCfg = Debug|Any CPU
		{DB1BBFCC-A5EC-4AA1-A677-2C528357B2B9}.Debug|Any CPU.Build.0 = Debug|Any CPU
		{DB1BBFCC-A5EC-4AA1-A677-2C528357B2B9}.Debug|ARM.ActiveCfg = Debug|Any CPU
		{DB1BBFCC-A5EC-4AA1-A677-2C528357B2B9}.Debug|ARM.Build.0 = Debug|Any CPU
		{DB1BBFCC-A5EC-4AA1-A677-2C528357B2B9}.Debug|iPhone.ActiveCfg = Debug|Any CPU
		{DB1BBFCC-A5EC-4AA1-A677-2C528357B2B9}.Debug|iPhone.Build.0 = Debug|Any CPU
		{DB1BBFCC-A5EC-4AA1-A677-2C528357B2B9}.Debug|iPhoneSimulator.ActiveCfg = Debug|Any CPU
		{DB1BBFCC-A5EC-4AA1-A677-2C528357B2B9}.Debug|iPhoneSimulator.Build.0 = Debug|Any CPU
		{DB1BBFCC-A5EC-4AA1-A677-2C528357B2B9}.Debug|x64.ActiveCfg = Debug|Any CPU
		{DB1BBFCC-A5EC-4AA1-A677-2C528357B2B9}.Debug|x64.Build.0 = Debug|Any CPU
		{DB1BBFCC-A5EC-4AA1-A677-2C528357B2B9}.Debug|x86.ActiveCfg = Debug|Any CPU
		{DB1BBFCC-A5EC-4AA1-A677-2C528357B2B9}.Debug|x86.Build.0 = Debug|Any CPU
		{DB1BBFCC-A5EC-4AA1-A677-2C528357B2B9}.Release|Any CPU.ActiveCfg = Release|Any CPU
		{DB1BBFCC-A5EC-4AA1-A677-2C528357B2B9}.Release|Any CPU.Build.0 = Release|Any CPU
		{DB1BBFCC-A5EC-4AA1-A677-2C528357B2B9}.Release|ARM.ActiveCfg = Release|Any CPU
		{DB1BBFCC-A5EC-4AA1-A677-2C528357B2B9}.Release|ARM.Build.0 = Release|Any CPU
		{DB1BBFCC-A5EC-4AA1-A677-2C528357B2B9}.Release|iPhone.ActiveCfg = Release|Any CPU
		{DB1BBFCC-A5EC-4AA1-A677-2C528357B2B9}.Release|iPhone.Build.0 = Release|Any CPU
		{DB1BBFCC-A5EC-4AA1-A677-2C528357B2B9}.Release|iPhoneSimulator.ActiveCfg = Release|Any CPU
		{DB1BBFCC-A5EC-4AA1-A677-2C528357B2B9}.Release|iPhoneSimulator.Build.0 = Release|Any CPU
		{DB1BBFCC-A5EC-4AA1-A677-2C528357B2B9}.Release|x64.ActiveCfg = Release|Any CPU
		{DB1BBFCC-A5EC-4AA1-A677-2C528357B2B9}.Release|x64.Build.0 = Release|Any CPU
		{DB1BBFCC-A5EC-4AA1-A677-2C528357B2B9}.Release|x86.ActiveCfg = Release|Any CPU
		{DB1BBFCC-A5EC-4AA1-A677-2C528357B2B9}.Release|x86.Build.0 = Release|Any CPU
		{6E4AAAC8-1C17-49A7-8652-689AD9F272C8}.Ad-Hoc|Any CPU.ActiveCfg = Release|x64
		{6E4AAAC8-1C17-49A7-8652-689AD9F272C8}.Ad-Hoc|Any CPU.Build.0 = Release|x64
		{6E4AAAC8-1C17-49A7-8652-689AD9F272C8}.Ad-Hoc|Any CPU.Deploy.0 = Release|x64
		{6E4AAAC8-1C17-49A7-8652-689AD9F272C8}.Ad-Hoc|ARM.ActiveCfg = Release|ARM
		{6E4AAAC8-1C17-49A7-8652-689AD9F272C8}.Ad-Hoc|ARM.Build.0 = Release|ARM
		{6E4AAAC8-1C17-49A7-8652-689AD9F272C8}.Ad-Hoc|ARM.Deploy.0 = Release|ARM
		{6E4AAAC8-1C17-49A7-8652-689AD9F272C8}.Ad-Hoc|iPhone.ActiveCfg = Release|x64
		{6E4AAAC8-1C17-49A7-8652-689AD9F272C8}.Ad-Hoc|iPhone.Build.0 = Release|x64
		{6E4AAAC8-1C17-49A7-8652-689AD9F272C8}.Ad-Hoc|iPhone.Deploy.0 = Release|x64
		{6E4AAAC8-1C17-49A7-8652-689AD9F272C8}.Ad-Hoc|iPhoneSimulator.ActiveCfg = Release|x64
		{6E4AAAC8-1C17-49A7-8652-689AD9F272C8}.Ad-Hoc|iPhoneSimulator.Build.0 = Release|x64
		{6E4AAAC8-1C17-49A7-8652-689AD9F272C8}.Ad-Hoc|iPhoneSimulator.Deploy.0 = Release|x64
		{6E4AAAC8-1C17-49A7-8652-689AD9F272C8}.Ad-Hoc|x64.ActiveCfg = Release|x64
		{6E4AAAC8-1C17-49A7-8652-689AD9F272C8}.Ad-Hoc|x64.Build.0 = Release|x64
		{6E4AAAC8-1C17-49A7-8652-689AD9F272C8}.Ad-Hoc|x64.Deploy.0 = Release|x64
		{6E4AAAC8-1C17-49A7-8652-689AD9F272C8}.Ad-Hoc|x86.ActiveCfg = Release|x86
		{6E4AAAC8-1C17-49A7-8652-689AD9F272C8}.Ad-Hoc|x86.Build.0 = Release|x86
		{6E4AAAC8-1C17-49A7-8652-689AD9F272C8}.Ad-Hoc|x86.Deploy.0 = Release|x86
		{6E4AAAC8-1C17-49A7-8652-689AD9F272C8}.AppStore|Any CPU.ActiveCfg = Release|x64
		{6E4AAAC8-1C17-49A7-8652-689AD9F272C8}.AppStore|Any CPU.Build.0 = Release|x64
		{6E4AAAC8-1C17-49A7-8652-689AD9F272C8}.AppStore|Any CPU.Deploy.0 = Release|x64
		{6E4AAAC8-1C17-49A7-8652-689AD9F272C8}.AppStore|ARM.ActiveCfg = Release|ARM
		{6E4AAAC8-1C17-49A7-8652-689AD9F272C8}.AppStore|ARM.Build.0 = Release|ARM
		{6E4AAAC8-1C17-49A7-8652-689AD9F272C8}.AppStore|ARM.Deploy.0 = Release|ARM
		{6E4AAAC8-1C17-49A7-8652-689AD9F272C8}.AppStore|iPhone.ActiveCfg = Release|x64
		{6E4AAAC8-1C17-49A7-8652-689AD9F272C8}.AppStore|iPhone.Build.0 = Release|x64
		{6E4AAAC8-1C17-49A7-8652-689AD9F272C8}.AppStore|iPhone.Deploy.0 = Release|x64
		{6E4AAAC8-1C17-49A7-8652-689AD9F272C8}.AppStore|iPhoneSimulator.ActiveCfg = Release|x64
		{6E4AAAC8-1C17-49A7-8652-689AD9F272C8}.AppStore|iPhoneSimulator.Build.0 = Release|x64
		{6E4AAAC8-1C17-49A7-8652-689AD9F272C8}.AppStore|iPhoneSimulator.Deploy.0 = Release|x64
		{6E4AAAC8-1C17-49A7-8652-689AD9F272C8}.AppStore|x64.ActiveCfg = Release|x64
		{6E4AAAC8-1C17-49A7-8652-689AD9F272C8}.AppStore|x64.Build.0 = Release|x64
		{6E4AAAC8-1C17-49A7-8652-689AD9F272C8}.AppStore|x64.Deploy.0 = Release|x64
		{6E4AAAC8-1C17-49A7-8652-689AD9F272C8}.AppStore|x86.ActiveCfg = Release|x86
		{6E4AAAC8-1C17-49A7-8652-689AD9F272C8}.AppStore|x86.Build.0 = Release|x86
		{6E4AAAC8-1C17-49A7-8652-689AD9F272C8}.AppStore|x86.Deploy.0 = Release|x86
		{6E4AAAC8-1C17-49A7-8652-689AD9F272C8}.Debug|Any CPU.ActiveCfg = Debug|x86
		{6E4AAAC8-1C17-49A7-8652-689AD9F272C8}.Debug|Any CPU.Build.0 = Debug|x86
		{6E4AAAC8-1C17-49A7-8652-689AD9F272C8}.Debug|Any CPU.Deploy.0 = Debug|x86
		{6E4AAAC8-1C17-49A7-8652-689AD9F272C8}.Debug|ARM.ActiveCfg = Debug|ARM
		{6E4AAAC8-1C17-49A7-8652-689AD9F272C8}.Debug|ARM.Build.0 = Debug|ARM
		{6E4AAAC8-1C17-49A7-8652-689AD9F272C8}.Debug|ARM.Deploy.0 = Debug|ARM
		{6E4AAAC8-1C17-49A7-8652-689AD9F272C8}.Debug|iPhone.ActiveCfg = Debug|x86
		{6E4AAAC8-1C17-49A7-8652-689AD9F272C8}.Debug|iPhoneSimulator.ActiveCfg = Debug|x86
		{6E4AAAC8-1C17-49A7-8652-689AD9F272C8}.Debug|x64.ActiveCfg = Debug|x64
		{6E4AAAC8-1C17-49A7-8652-689AD9F272C8}.Debug|x64.Build.0 = Debug|x64
		{6E4AAAC8-1C17-49A7-8652-689AD9F272C8}.Debug|x64.Deploy.0 = Debug|x64
		{6E4AAAC8-1C17-49A7-8652-689AD9F272C8}.Debug|x86.ActiveCfg = Debug|x86
		{6E4AAAC8-1C17-49A7-8652-689AD9F272C8}.Debug|x86.Build.0 = Debug|x86
		{6E4AAAC8-1C17-49A7-8652-689AD9F272C8}.Debug|x86.Deploy.0 = Debug|x86
		{6E4AAAC8-1C17-49A7-8652-689AD9F272C8}.Release|Any CPU.ActiveCfg = Release|x86
		{6E4AAAC8-1C17-49A7-8652-689AD9F272C8}.Release|ARM.ActiveCfg = Release|ARM
		{6E4AAAC8-1C17-49A7-8652-689AD9F272C8}.Release|ARM.Build.0 = Release|ARM
		{6E4AAAC8-1C17-49A7-8652-689AD9F272C8}.Release|ARM.Deploy.0 = Release|ARM
		{6E4AAAC8-1C17-49A7-8652-689AD9F272C8}.Release|iPhone.ActiveCfg = Release|x86
		{6E4AAAC8-1C17-49A7-8652-689AD9F272C8}.Release|iPhoneSimulator.ActiveCfg = Release|x86
		{6E4AAAC8-1C17-49A7-8652-689AD9F272C8}.Release|x64.ActiveCfg = Release|x64
		{6E4AAAC8-1C17-49A7-8652-689AD9F272C8}.Release|x64.Build.0 = Release|x64
		{6E4AAAC8-1C17-49A7-8652-689AD9F272C8}.Release|x64.Deploy.0 = Release|x64
		{6E4AAAC8-1C17-49A7-8652-689AD9F272C8}.Release|x86.ActiveCfg = Release|x86
		{6E4AAAC8-1C17-49A7-8652-689AD9F272C8}.Release|x86.Build.0 = Release|x86
		{6E4AAAC8-1C17-49A7-8652-689AD9F272C8}.Release|x86.Deploy.0 = Release|x86
		{3BC0AC7E-3B3B-4D3F-9CC0-B2BDECC460A6}.Ad-Hoc|Any CPU.ActiveCfg = Release|Any CPU
		{3BC0AC7E-3B3B-4D3F-9CC0-B2BDECC460A6}.Ad-Hoc|ARM.ActiveCfg = Release|Any CPU
		{3BC0AC7E-3B3B-4D3F-9CC0-B2BDECC460A6}.Ad-Hoc|iPhone.ActiveCfg = Release|Any CPU
		{3BC0AC7E-3B3B-4D3F-9CC0-B2BDECC460A6}.Ad-Hoc|iPhoneSimulator.ActiveCfg = Release|Any CPU
		{3BC0AC7E-3B3B-4D3F-9CC0-B2BDECC460A6}.Ad-Hoc|x64.ActiveCfg = Release|Any CPU
		{3BC0AC7E-3B3B-4D3F-9CC0-B2BDECC460A6}.Ad-Hoc|x86.ActiveCfg = Release|Any CPU
		{3BC0AC7E-3B3B-4D3F-9CC0-B2BDECC460A6}.AppStore|Any CPU.ActiveCfg = Release|Any CPU
		{3BC0AC7E-3B3B-4D3F-9CC0-B2BDECC460A6}.AppStore|ARM.ActiveCfg = Release|Any CPU
		{3BC0AC7E-3B3B-4D3F-9CC0-B2BDECC460A6}.AppStore|iPhone.ActiveCfg = Release|Any CPU
		{3BC0AC7E-3B3B-4D3F-9CC0-B2BDECC460A6}.AppStore|iPhoneSimulator.ActiveCfg = Release|Any CPU
		{3BC0AC7E-3B3B-4D3F-9CC0-B2BDECC460A6}.AppStore|x64.ActiveCfg = Release|Any CPU
		{3BC0AC7E-3B3B-4D3F-9CC0-B2BDECC460A6}.AppStore|x86.ActiveCfg = Release|Any CPU
		{3BC0AC7E-3B3B-4D3F-9CC0-B2BDECC460A6}.Debug|Any CPU.ActiveCfg = Debug|Any CPU
		{3BC0AC7E-3B3B-4D3F-9CC0-B2BDECC460A6}.Debug|Any CPU.Build.0 = Debug|Any CPU
		{3BC0AC7E-3B3B-4D3F-9CC0-B2BDECC460A6}.Debug|Any CPU.Deploy.0 = Debug|Any CPU
		{3BC0AC7E-3B3B-4D3F-9CC0-B2BDECC460A6}.Debug|ARM.ActiveCfg = Debug|Any CPU
		{3BC0AC7E-3B3B-4D3F-9CC0-B2BDECC460A6}.Debug|ARM.Build.0 = Debug|Any CPU
		{3BC0AC7E-3B3B-4D3F-9CC0-B2BDECC460A6}.Debug|ARM.Deploy.0 = Debug|Any CPU
		{3BC0AC7E-3B3B-4D3F-9CC0-B2BDECC460A6}.Debug|iPhone.ActiveCfg = Debug|Any CPU
		{3BC0AC7E-3B3B-4D3F-9CC0-B2BDECC460A6}.Debug|iPhone.Build.0 = Debug|Any CPU
		{3BC0AC7E-3B3B-4D3F-9CC0-B2BDECC460A6}.Debug|iPhone.Deploy.0 = Debug|Any CPU
		{3BC0AC7E-3B3B-4D3F-9CC0-B2BDECC460A6}.Debug|iPhoneSimulator.ActiveCfg = Debug|Any CPU
		{3BC0AC7E-3B3B-4D3F-9CC0-B2BDECC460A6}.Debug|iPhoneSimulator.Build.0 = Debug|Any CPU
		{3BC0AC7E-3B3B-4D3F-9CC0-B2BDECC460A6}.Debug|iPhoneSimulator.Deploy.0 = Debug|Any CPU
		{3BC0AC7E-3B3B-4D3F-9CC0-B2BDECC460A6}.Debug|x64.ActiveCfg = Debug|Any CPU
		{3BC0AC7E-3B3B-4D3F-9CC0-B2BDECC460A6}.Debug|x64.Build.0 = Debug|Any CPU
		{3BC0AC7E-3B3B-4D3F-9CC0-B2BDECC460A6}.Debug|x64.Deploy.0 = Debug|Any CPU
		{3BC0AC7E-3B3B-4D3F-9CC0-B2BDECC460A6}.Debug|x86.ActiveCfg = Debug|Any CPU
		{3BC0AC7E-3B3B-4D3F-9CC0-B2BDECC460A6}.Debug|x86.Build.0 = Debug|Any CPU
		{3BC0AC7E-3B3B-4D3F-9CC0-B2BDECC460A6}.Debug|x86.Deploy.0 = Debug|Any CPU
		{3BC0AC7E-3B3B-4D3F-9CC0-B2BDECC460A6}.Release|Any CPU.ActiveCfg = Release|Any CPU
		{3BC0AC7E-3B3B-4D3F-9CC0-B2BDECC460A6}.Release|Any CPU.Build.0 = Release|Any CPU
		{3BC0AC7E-3B3B-4D3F-9CC0-B2BDECC460A6}.Release|Any CPU.Deploy.0 = Release|Any CPU
		{3BC0AC7E-3B3B-4D3F-9CC0-B2BDECC460A6}.Release|ARM.ActiveCfg = Release|Any CPU
		{3BC0AC7E-3B3B-4D3F-9CC0-B2BDECC460A6}.Release|ARM.Build.0 = Release|Any CPU
		{3BC0AC7E-3B3B-4D3F-9CC0-B2BDECC460A6}.Release|ARM.Deploy.0 = Release|Any CPU
		{3BC0AC7E-3B3B-4D3F-9CC0-B2BDECC460A6}.Release|iPhone.ActiveCfg = Release|Any CPU
		{3BC0AC7E-3B3B-4D3F-9CC0-B2BDECC460A6}.Release|iPhone.Build.0 = Release|Any CPU
		{3BC0AC7E-3B3B-4D3F-9CC0-B2BDECC460A6}.Release|iPhone.Deploy.0 = Release|Any CPU
		{3BC0AC7E-3B3B-4D3F-9CC0-B2BDECC460A6}.Release|iPhoneSimulator.ActiveCfg = Release|Any CPU
		{3BC0AC7E-3B3B-4D3F-9CC0-B2BDECC460A6}.Release|iPhoneSimulator.Build.0 = Release|Any CPU
		{3BC0AC7E-3B3B-4D3F-9CC0-B2BDECC460A6}.Release|iPhoneSimulator.Deploy.0 = Release|Any CPU
		{3BC0AC7E-3B3B-4D3F-9CC0-B2BDECC460A6}.Release|x64.ActiveCfg = Release|Any CPU
		{3BC0AC7E-3B3B-4D3F-9CC0-B2BDECC460A6}.Release|x64.Build.0 = Release|Any CPU
		{3BC0AC7E-3B3B-4D3F-9CC0-B2BDECC460A6}.Release|x64.Deploy.0 = Release|Any CPU
		{3BC0AC7E-3B3B-4D3F-9CC0-B2BDECC460A6}.Release|x86.ActiveCfg = Release|Any CPU
		{3BC0AC7E-3B3B-4D3F-9CC0-B2BDECC460A6}.Release|x86.Build.0 = Release|Any CPU
		{3BC0AC7E-3B3B-4D3F-9CC0-B2BDECC460A6}.Release|x86.Deploy.0 = Release|Any CPU
		{7373FB7F-7D8C-42B8-8D78-AEE9E76C524C}.Ad-Hoc|Any CPU.ActiveCfg = Release|Any CPU
		{7373FB7F-7D8C-42B8-8D78-AEE9E76C524C}.Ad-Hoc|Any CPU.Build.0 = Release|Any CPU
		{7373FB7F-7D8C-42B8-8D78-AEE9E76C524C}.Ad-Hoc|ARM.ActiveCfg = Release|Any CPU
		{7373FB7F-7D8C-42B8-8D78-AEE9E76C524C}.Ad-Hoc|ARM.Build.0 = Release|Any CPU
		{7373FB7F-7D8C-42B8-8D78-AEE9E76C524C}.Ad-Hoc|iPhone.ActiveCfg = Release|Any CPU
		{7373FB7F-7D8C-42B8-8D78-AEE9E76C524C}.Ad-Hoc|iPhone.Build.0 = Release|Any CPU
		{7373FB7F-7D8C-42B8-8D78-AEE9E76C524C}.Ad-Hoc|iPhoneSimulator.ActiveCfg = Release|Any CPU
		{7373FB7F-7D8C-42B8-8D78-AEE9E76C524C}.Ad-Hoc|iPhoneSimulator.Build.0 = Release|Any CPU
		{7373FB7F-7D8C-42B8-8D78-AEE9E76C524C}.Ad-Hoc|x64.ActiveCfg = Release|Any CPU
		{7373FB7F-7D8C-42B8-8D78-AEE9E76C524C}.Ad-Hoc|x64.Build.0 = Release|Any CPU
		{7373FB7F-7D8C-42B8-8D78-AEE9E76C524C}.Ad-Hoc|x86.ActiveCfg = Release|Any CPU
		{7373FB7F-7D8C-42B8-8D78-AEE9E76C524C}.Ad-Hoc|x86.Build.0 = Release|Any CPU
		{7373FB7F-7D8C-42B8-8D78-AEE9E76C524C}.AppStore|Any CPU.ActiveCfg = Release|Any CPU
		{7373FB7F-7D8C-42B8-8D78-AEE9E76C524C}.AppStore|Any CPU.Build.0 = Release|Any CPU
		{7373FB7F-7D8C-42B8-8D78-AEE9E76C524C}.AppStore|ARM.ActiveCfg = Release|Any CPU
		{7373FB7F-7D8C-42B8-8D78-AEE9E76C524C}.AppStore|ARM.Build.0 = Release|Any CPU
		{7373FB7F-7D8C-42B8-8D78-AEE9E76C524C}.AppStore|iPhone.ActiveCfg = Release|Any CPU
		{7373FB7F-7D8C-42B8-8D78-AEE9E76C524C}.AppStore|iPhone.Build.0 = Release|Any CPU
		{7373FB7F-7D8C-42B8-8D78-AEE9E76C524C}.AppStore|iPhoneSimulator.ActiveCfg = Release|Any CPU
		{7373FB7F-7D8C-42B8-8D78-AEE9E76C524C}.AppStore|iPhoneSimulator.Build.0 = Release|Any CPU
		{7373FB7F-7D8C-42B8-8D78-AEE9E76C524C}.AppStore|x64.ActiveCfg = Release|Any CPU
		{7373FB7F-7D8C-42B8-8D78-AEE9E76C524C}.AppStore|x64.Build.0 = Release|Any CPU
		{7373FB7F-7D8C-42B8-8D78-AEE9E76C524C}.AppStore|x86.ActiveCfg = Release|Any CPU
		{7373FB7F-7D8C-42B8-8D78-AEE9E76C524C}.AppStore|x86.Build.0 = Release|Any CPU
		{7373FB7F-7D8C-42B8-8D78-AEE9E76C524C}.Debug|Any CPU.ActiveCfg = Debug|Any CPU
		{7373FB7F-7D8C-42B8-8D78-AEE9E76C524C}.Debug|Any CPU.Build.0 = Debug|Any CPU
		{7373FB7F-7D8C-42B8-8D78-AEE9E76C524C}.Debug|ARM.ActiveCfg = Debug|Any CPU
		{7373FB7F-7D8C-42B8-8D78-AEE9E76C524C}.Debug|ARM.Build.0 = Debug|Any CPU
		{7373FB7F-7D8C-42B8-8D78-AEE9E76C524C}.Debug|iPhone.ActiveCfg = Debug|Any CPU
		{7373FB7F-7D8C-42B8-8D78-AEE9E76C524C}.Debug|iPhone.Build.0 = Debug|Any CPU
		{7373FB7F-7D8C-42B8-8D78-AEE9E76C524C}.Debug|iPhoneSimulator.ActiveCfg = Debug|Any CPU
		{7373FB7F-7D8C-42B8-8D78-AEE9E76C524C}.Debug|iPhoneSimulator.Build.0 = Debug|Any CPU
		{7373FB7F-7D8C-42B8-8D78-AEE9E76C524C}.Debug|x64.ActiveCfg = Debug|Any CPU
		{7373FB7F-7D8C-42B8-8D78-AEE9E76C524C}.Debug|x64.Build.0 = Debug|Any CPU
		{7373FB7F-7D8C-42B8-8D78-AEE9E76C524C}.Debug|x86.ActiveCfg = Debug|Any CPU
		{7373FB7F-7D8C-42B8-8D78-AEE9E76C524C}.Debug|x86.Build.0 = Debug|Any CPU
		{7373FB7F-7D8C-42B8-8D78-AEE9E76C524C}.Release|Any CPU.ActiveCfg = Release|Any CPU
		{7373FB7F-7D8C-42B8-8D78-AEE9E76C524C}.Release|Any CPU.Build.0 = Release|Any CPU
		{7373FB7F-7D8C-42B8-8D78-AEE9E76C524C}.Release|ARM.ActiveCfg = Release|Any CPU
		{7373FB7F-7D8C-42B8-8D78-AEE9E76C524C}.Release|ARM.Build.0 = Release|Any CPU
		{7373FB7F-7D8C-42B8-8D78-AEE9E76C524C}.Release|iPhone.ActiveCfg = Release|Any CPU
		{7373FB7F-7D8C-42B8-8D78-AEE9E76C524C}.Release|iPhone.Build.0 = Release|Any CPU
		{7373FB7F-7D8C-42B8-8D78-AEE9E76C524C}.Release|iPhoneSimulator.ActiveCfg = Release|Any CPU
		{7373FB7F-7D8C-42B8-8D78-AEE9E76C524C}.Release|iPhoneSimulator.Build.0 = Release|Any CPU
		{7373FB7F-7D8C-42B8-8D78-AEE9E76C524C}.Release|x64.ActiveCfg = Release|Any CPU
		{7373FB7F-7D8C-42B8-8D78-AEE9E76C524C}.Release|x64.Build.0 = Release|Any CPU
		{7373FB7F-7D8C-42B8-8D78-AEE9E76C524C}.Release|x86.ActiveCfg = Release|Any CPU
		{7373FB7F-7D8C-42B8-8D78-AEE9E76C524C}.Release|x86.Build.0 = Release|Any CPU
		{55928A6C-F0EA-4D62-B5AE-72455312B264}.Ad-Hoc|Any CPU.ActiveCfg = Release|Any CPU
		{55928A6C-F0EA-4D62-B5AE-72455312B264}.Ad-Hoc|Any CPU.Build.0 = Release|Any CPU
		{55928A6C-F0EA-4D62-B5AE-72455312B264}.Ad-Hoc|ARM.ActiveCfg = Release|Any CPU
		{55928A6C-F0EA-4D62-B5AE-72455312B264}.Ad-Hoc|ARM.Build.0 = Release|Any CPU
		{55928A6C-F0EA-4D62-B5AE-72455312B264}.Ad-Hoc|iPhone.ActiveCfg = Release|Any CPU
		{55928A6C-F0EA-4D62-B5AE-72455312B264}.Ad-Hoc|iPhone.Build.0 = Release|Any CPU
		{55928A6C-F0EA-4D62-B5AE-72455312B264}.Ad-Hoc|iPhoneSimulator.ActiveCfg = Release|Any CPU
		{55928A6C-F0EA-4D62-B5AE-72455312B264}.Ad-Hoc|iPhoneSimulator.Build.0 = Release|Any CPU
		{55928A6C-F0EA-4D62-B5AE-72455312B264}.Ad-Hoc|x64.ActiveCfg = Release|Any CPU
		{55928A6C-F0EA-4D62-B5AE-72455312B264}.Ad-Hoc|x64.Build.0 = Release|Any CPU
		{55928A6C-F0EA-4D62-B5AE-72455312B264}.Ad-Hoc|x86.ActiveCfg = Release|Any CPU
		{55928A6C-F0EA-4D62-B5AE-72455312B264}.Ad-Hoc|x86.Build.0 = Release|Any CPU
		{55928A6C-F0EA-4D62-B5AE-72455312B264}.AppStore|Any CPU.ActiveCfg = Release|Any CPU
		{55928A6C-F0EA-4D62-B5AE-72455312B264}.AppStore|Any CPU.Build.0 = Release|Any CPU
		{55928A6C-F0EA-4D62-B5AE-72455312B264}.AppStore|ARM.ActiveCfg = Release|Any CPU
		{55928A6C-F0EA-4D62-B5AE-72455312B264}.AppStore|ARM.Build.0 = Release|Any CPU
		{55928A6C-F0EA-4D62-B5AE-72455312B264}.AppStore|iPhone.ActiveCfg = Release|Any CPU
		{55928A6C-F0EA-4D62-B5AE-72455312B264}.AppStore|iPhone.Build.0 = Release|Any CPU
		{55928A6C-F0EA-4D62-B5AE-72455312B264}.AppStore|iPhoneSimulator.ActiveCfg = Release|Any CPU
		{55928A6C-F0EA-4D62-B5AE-72455312B264}.AppStore|iPhoneSimulator.Build.0 = Release|Any CPU
		{55928A6C-F0EA-4D62-B5AE-72455312B264}.AppStore|x64.ActiveCfg = Release|Any CPU
		{55928A6C-F0EA-4D62-B5AE-72455312B264}.AppStore|x64.Build.0 = Release|Any CPU
		{55928A6C-F0EA-4D62-B5AE-72455312B264}.AppStore|x86.ActiveCfg = Release|Any CPU
		{55928A6C-F0EA-4D62-B5AE-72455312B264}.AppStore|x86.Build.0 = Release|Any CPU
		{55928A6C-F0EA-4D62-B5AE-72455312B264}.Debug|Any CPU.ActiveCfg = Debug|Any CPU
		{55928A6C-F0EA-4D62-B5AE-72455312B264}.Debug|Any CPU.Build.0 = Debug|Any CPU
		{55928A6C-F0EA-4D62-B5AE-72455312B264}.Debug|ARM.ActiveCfg = Debug|Any CPU
		{55928A6C-F0EA-4D62-B5AE-72455312B264}.Debug|ARM.Build.0 = Debug|Any CPU
		{55928A6C-F0EA-4D62-B5AE-72455312B264}.Debug|iPhone.ActiveCfg = Debug|Any CPU
		{55928A6C-F0EA-4D62-B5AE-72455312B264}.Debug|iPhone.Build.0 = Debug|Any CPU
		{55928A6C-F0EA-4D62-B5AE-72455312B264}.Debug|iPhoneSimulator.ActiveCfg = Debug|Any CPU
		{55928A6C-F0EA-4D62-B5AE-72455312B264}.Debug|iPhoneSimulator.Build.0 = Debug|Any CPU
		{55928A6C-F0EA-4D62-B5AE-72455312B264}.Debug|x64.ActiveCfg = Debug|Any CPU
		{55928A6C-F0EA-4D62-B5AE-72455312B264}.Debug|x64.Build.0 = Debug|Any CPU
		{55928A6C-F0EA-4D62-B5AE-72455312B264}.Debug|x86.ActiveCfg = Debug|Any CPU
		{55928A6C-F0EA-4D62-B5AE-72455312B264}.Debug|x86.Build.0 = Debug|Any CPU
		{55928A6C-F0EA-4D62-B5AE-72455312B264}.Release|Any CPU.ActiveCfg = Release|Any CPU
		{55928A6C-F0EA-4D62-B5AE-72455312B264}.Release|Any CPU.Build.0 = Release|Any CPU
		{55928A6C-F0EA-4D62-B5AE-72455312B264}.Release|ARM.ActiveCfg = Release|Any CPU
		{55928A6C-F0EA-4D62-B5AE-72455312B264}.Release|ARM.Build.0 = Release|Any CPU
		{55928A6C-F0EA-4D62-B5AE-72455312B264}.Release|iPhone.ActiveCfg = Release|Any CPU
		{55928A6C-F0EA-4D62-B5AE-72455312B264}.Release|iPhone.Build.0 = Release|Any CPU
		{55928A6C-F0EA-4D62-B5AE-72455312B264}.Release|iPhoneSimulator.ActiveCfg = Release|Any CPU
		{55928A6C-F0EA-4D62-B5AE-72455312B264}.Release|iPhoneSimulator.Build.0 = Release|Any CPU
		{55928A6C-F0EA-4D62-B5AE-72455312B264}.Release|x64.ActiveCfg = Release|Any CPU
		{55928A6C-F0EA-4D62-B5AE-72455312B264}.Release|x64.Build.0 = Release|Any CPU
		{55928A6C-F0EA-4D62-B5AE-72455312B264}.Release|x86.ActiveCfg = Release|Any CPU
		{55928A6C-F0EA-4D62-B5AE-72455312B264}.Release|x86.Build.0 = Release|Any CPU
		{C78329B8-8BA1-47FC-AFF8-D21793BA3B4D}.Ad-Hoc|Any CPU.ActiveCfg = Release|Any CPU
		{C78329B8-8BA1-47FC-AFF8-D21793BA3B4D}.Ad-Hoc|Any CPU.Build.0 = Release|Any CPU
		{C78329B8-8BA1-47FC-AFF8-D21793BA3B4D}.Ad-Hoc|ARM.ActiveCfg = Release|Any CPU
		{C78329B8-8BA1-47FC-AFF8-D21793BA3B4D}.Ad-Hoc|ARM.Build.0 = Release|Any CPU
		{C78329B8-8BA1-47FC-AFF8-D21793BA3B4D}.Ad-Hoc|iPhone.ActiveCfg = Release|Any CPU
		{C78329B8-8BA1-47FC-AFF8-D21793BA3B4D}.Ad-Hoc|iPhone.Build.0 = Release|Any CPU
		{C78329B8-8BA1-47FC-AFF8-D21793BA3B4D}.Ad-Hoc|iPhoneSimulator.ActiveCfg = Release|Any CPU
		{C78329B8-8BA1-47FC-AFF8-D21793BA3B4D}.Ad-Hoc|iPhoneSimulator.Build.0 = Release|Any CPU
		{C78329B8-8BA1-47FC-AFF8-D21793BA3B4D}.Ad-Hoc|x64.ActiveCfg = Release|Any CPU
		{C78329B8-8BA1-47FC-AFF8-D21793BA3B4D}.Ad-Hoc|x64.Build.0 = Release|Any CPU
		{C78329B8-8BA1-47FC-AFF8-D21793BA3B4D}.Ad-Hoc|x86.ActiveCfg = Release|Any CPU
		{C78329B8-8BA1-47FC-AFF8-D21793BA3B4D}.Ad-Hoc|x86.Build.0 = Release|Any CPU
		{C78329B8-8BA1-47FC-AFF8-D21793BA3B4D}.AppStore|Any CPU.ActiveCfg = Release|Any CPU
		{C78329B8-8BA1-47FC-AFF8-D21793BA3B4D}.AppStore|Any CPU.Build.0 = Release|Any CPU
		{C78329B8-8BA1-47FC-AFF8-D21793BA3B4D}.AppStore|ARM.ActiveCfg = Release|Any CPU
		{C78329B8-8BA1-47FC-AFF8-D21793BA3B4D}.AppStore|ARM.Build.0 = Release|Any CPU
		{C78329B8-8BA1-47FC-AFF8-D21793BA3B4D}.AppStore|iPhone.ActiveCfg = Release|Any CPU
		{C78329B8-8BA1-47FC-AFF8-D21793BA3B4D}.AppStore|iPhone.Build.0 = Release|Any CPU
		{C78329B8-8BA1-47FC-AFF8-D21793BA3B4D}.AppStore|iPhoneSimulator.ActiveCfg = Release|Any CPU
		{C78329B8-8BA1-47FC-AFF8-D21793BA3B4D}.AppStore|iPhoneSimulator.Build.0 = Release|Any CPU
		{C78329B8-8BA1-47FC-AFF8-D21793BA3B4D}.AppStore|x64.ActiveCfg = Release|Any CPU
		{C78329B8-8BA1-47FC-AFF8-D21793BA3B4D}.AppStore|x64.Build.0 = Release|Any CPU
		{C78329B8-8BA1-47FC-AFF8-D21793BA3B4D}.AppStore|x86.ActiveCfg = Release|Any CPU
		{C78329B8-8BA1-47FC-AFF8-D21793BA3B4D}.AppStore|x86.Build.0 = Release|Any CPU
		{C78329B8-8BA1-47FC-AFF8-D21793BA3B4D}.Debug|Any CPU.ActiveCfg = Debug|Any CPU
		{C78329B8-8BA1-47FC-AFF8-D21793BA3B4D}.Debug|Any CPU.Build.0 = Debug|Any CPU
		{C78329B8-8BA1-47FC-AFF8-D21793BA3B4D}.Debug|ARM.ActiveCfg = Debug|Any CPU
		{C78329B8-8BA1-47FC-AFF8-D21793BA3B4D}.Debug|ARM.Build.0 = Debug|Any CPU
		{C78329B8-8BA1-47FC-AFF8-D21793BA3B4D}.Debug|iPhone.ActiveCfg = Debug|Any CPU
		{C78329B8-8BA1-47FC-AFF8-D21793BA3B4D}.Debug|iPhone.Build.0 = Debug|Any CPU
		{C78329B8-8BA1-47FC-AFF8-D21793BA3B4D}.Debug|iPhoneSimulator.ActiveCfg = Debug|Any CPU
		{C78329B8-8BA1-47FC-AFF8-D21793BA3B4D}.Debug|iPhoneSimulator.Build.0 = Debug|Any CPU
		{C78329B8-8BA1-47FC-AFF8-D21793BA3B4D}.Debug|x64.ActiveCfg = Debug|Any CPU
		{C78329B8-8BA1-47FC-AFF8-D21793BA3B4D}.Debug|x64.Build.0 = Debug|Any CPU
		{C78329B8-8BA1-47FC-AFF8-D21793BA3B4D}.Debug|x86.ActiveCfg = Debug|Any CPU
		{C78329B8-8BA1-47FC-AFF8-D21793BA3B4D}.Debug|x86.Build.0 = Debug|Any CPU
		{C78329B8-8BA1-47FC-AFF8-D21793BA3B4D}.Release|Any CPU.ActiveCfg = Release|Any CPU
		{C78329B8-8BA1-47FC-AFF8-D21793BA3B4D}.Release|Any CPU.Build.0 = Release|Any CPU
		{C78329B8-8BA1-47FC-AFF8-D21793BA3B4D}.Release|ARM.ActiveCfg = Release|Any CPU
		{C78329B8-8BA1-47FC-AFF8-D21793BA3B4D}.Release|ARM.Build.0 = Release|Any CPU
		{C78329B8-8BA1-47FC-AFF8-D21793BA3B4D}.Release|iPhone.ActiveCfg = Release|Any CPU
		{C78329B8-8BA1-47FC-AFF8-D21793BA3B4D}.Release|iPhone.Build.0 = Release|Any CPU
		{C78329B8-8BA1-47FC-AFF8-D21793BA3B4D}.Release|iPhoneSimulator.ActiveCfg = Release|Any CPU
		{C78329B8-8BA1-47FC-AFF8-D21793BA3B4D}.Release|iPhoneSimulator.Build.0 = Release|Any CPU
		{C78329B8-8BA1-47FC-AFF8-D21793BA3B4D}.Release|x64.ActiveCfg = Release|Any CPU
		{C78329B8-8BA1-47FC-AFF8-D21793BA3B4D}.Release|x64.Build.0 = Release|Any CPU
		{C78329B8-8BA1-47FC-AFF8-D21793BA3B4D}.Release|x86.ActiveCfg = Release|Any CPU
		{C78329B8-8BA1-47FC-AFF8-D21793BA3B4D}.Release|x86.Build.0 = Release|Any CPU
		{FC75E57E-3B8E-4798-8131-2C1BFB323318}.Ad-Hoc|Any CPU.ActiveCfg = Release|Any CPU
		{FC75E57E-3B8E-4798-8131-2C1BFB323318}.Ad-Hoc|Any CPU.Build.0 = Release|Any CPU
		{FC75E57E-3B8E-4798-8131-2C1BFB323318}.Ad-Hoc|ARM.ActiveCfg = Release|Any CPU
		{FC75E57E-3B8E-4798-8131-2C1BFB323318}.Ad-Hoc|ARM.Build.0 = Release|Any CPU
		{FC75E57E-3B8E-4798-8131-2C1BFB323318}.Ad-Hoc|iPhone.ActiveCfg = Release|Any CPU
		{FC75E57E-3B8E-4798-8131-2C1BFB323318}.Ad-Hoc|iPhone.Build.0 = Release|Any CPU
		{FC75E57E-3B8E-4798-8131-2C1BFB323318}.Ad-Hoc|iPhoneSimulator.ActiveCfg = Release|Any CPU
		{FC75E57E-3B8E-4798-8131-2C1BFB323318}.Ad-Hoc|iPhoneSimulator.Build.0 = Release|Any CPU
		{FC75E57E-3B8E-4798-8131-2C1BFB323318}.Ad-Hoc|x64.ActiveCfg = Release|Any CPU
		{FC75E57E-3B8E-4798-8131-2C1BFB323318}.Ad-Hoc|x64.Build.0 = Release|Any CPU
		{FC75E57E-3B8E-4798-8131-2C1BFB323318}.Ad-Hoc|x86.ActiveCfg = Release|Any CPU
		{FC75E57E-3B8E-4798-8131-2C1BFB323318}.Ad-Hoc|x86.Build.0 = Release|Any CPU
		{FC75E57E-3B8E-4798-8131-2C1BFB323318}.AppStore|Any CPU.ActiveCfg = Release|Any CPU
		{FC75E57E-3B8E-4798-8131-2C1BFB323318}.AppStore|Any CPU.Build.0 = Release|Any CPU
		{FC75E57E-3B8E-4798-8131-2C1BFB323318}.AppStore|ARM.ActiveCfg = Release|Any CPU
		{FC75E57E-3B8E-4798-8131-2C1BFB323318}.AppStore|ARM.Build.0 = Release|Any CPU
		{FC75E57E-3B8E-4798-8131-2C1BFB323318}.AppStore|iPhone.ActiveCfg = Release|Any CPU
		{FC75E57E-3B8E-4798-8131-2C1BFB323318}.AppStore|iPhone.Build.0 = Release|Any CPU
		{FC75E57E-3B8E-4798-8131-2C1BFB323318}.AppStore|iPhoneSimulator.ActiveCfg = Release|Any CPU
		{FC75E57E-3B8E-4798-8131-2C1BFB323318}.AppStore|iPhoneSimulator.Build.0 = Release|Any CPU
		{FC75E57E-3B8E-4798-8131-2C1BFB323318}.AppStore|x64.ActiveCfg = Release|Any CPU
		{FC75E57E-3B8E-4798-8131-2C1BFB323318}.AppStore|x64.Build.0 = Release|Any CPU
		{FC75E57E-3B8E-4798-8131-2C1BFB323318}.AppStore|x86.ActiveCfg = Release|Any CPU
		{FC75E57E-3B8E-4798-8131-2C1BFB323318}.AppStore|x86.Build.0 = Release|Any CPU
		{FC75E57E-3B8E-4798-8131-2C1BFB323318}.Debug|Any CPU.ActiveCfg = Debug|Any CPU
		{FC75E57E-3B8E-4798-8131-2C1BFB323318}.Debug|Any CPU.Build.0 = Debug|Any CPU
		{FC75E57E-3B8E-4798-8131-2C1BFB323318}.Debug|ARM.ActiveCfg = Debug|Any CPU
		{FC75E57E-3B8E-4798-8131-2C1BFB323318}.Debug|ARM.Build.0 = Debug|Any CPU
		{FC75E57E-3B8E-4798-8131-2C1BFB323318}.Debug|iPhone.ActiveCfg = Debug|Any CPU
		{FC75E57E-3B8E-4798-8131-2C1BFB323318}.Debug|iPhone.Build.0 = Debug|Any CPU
		{FC75E57E-3B8E-4798-8131-2C1BFB323318}.Debug|iPhoneSimulator.ActiveCfg = Debug|Any CPU
		{FC75E57E-3B8E-4798-8131-2C1BFB323318}.Debug|iPhoneSimulator.Build.0 = Debug|Any CPU
		{FC75E57E-3B8E-4798-8131-2C1BFB323318}.Debug|x64.ActiveCfg = Debug|Any CPU
		{FC75E57E-3B8E-4798-8131-2C1BFB323318}.Debug|x64.Build.0 = Debug|Any CPU
		{FC75E57E-3B8E-4798-8131-2C1BFB323318}.Debug|x86.ActiveCfg = Debug|Any CPU
		{FC75E57E-3B8E-4798-8131-2C1BFB323318}.Debug|x86.Build.0 = Debug|Any CPU
		{FC75E57E-3B8E-4798-8131-2C1BFB323318}.Release|Any CPU.ActiveCfg = Release|Any CPU
		{FC75E57E-3B8E-4798-8131-2C1BFB323318}.Release|Any CPU.Build.0 = Release|Any CPU
		{FC75E57E-3B8E-4798-8131-2C1BFB323318}.Release|ARM.ActiveCfg = Release|Any CPU
		{FC75E57E-3B8E-4798-8131-2C1BFB323318}.Release|ARM.Build.0 = Release|Any CPU
		{FC75E57E-3B8E-4798-8131-2C1BFB323318}.Release|iPhone.ActiveCfg = Release|Any CPU
		{FC75E57E-3B8E-4798-8131-2C1BFB323318}.Release|iPhone.Build.0 = Release|Any CPU
		{FC75E57E-3B8E-4798-8131-2C1BFB323318}.Release|iPhoneSimulator.ActiveCfg = Release|Any CPU
		{FC75E57E-3B8E-4798-8131-2C1BFB323318}.Release|iPhoneSimulator.Build.0 = Release|Any CPU
		{FC75E57E-3B8E-4798-8131-2C1BFB323318}.Release|x64.ActiveCfg = Release|Any CPU
		{FC75E57E-3B8E-4798-8131-2C1BFB323318}.Release|x64.Build.0 = Release|Any CPU
		{FC75E57E-3B8E-4798-8131-2C1BFB323318}.Release|x86.ActiveCfg = Release|Any CPU
		{FC75E57E-3B8E-4798-8131-2C1BFB323318}.Release|x86.Build.0 = Release|Any CPU
		{EB5A5557-A776-46C7-9BD0-FFC5F822D8B7}.Ad-Hoc|Any CPU.ActiveCfg = Release|Any CPU
		{EB5A5557-A776-46C7-9BD0-FFC5F822D8B7}.Ad-Hoc|Any CPU.Build.0 = Release|Any CPU
		{EB5A5557-A776-46C7-9BD0-FFC5F822D8B7}.Ad-Hoc|ARM.ActiveCfg = Release|Any CPU
		{EB5A5557-A776-46C7-9BD0-FFC5F822D8B7}.Ad-Hoc|ARM.Build.0 = Release|Any CPU
		{EB5A5557-A776-46C7-9BD0-FFC5F822D8B7}.Ad-Hoc|iPhone.ActiveCfg = Release|Any CPU
		{EB5A5557-A776-46C7-9BD0-FFC5F822D8B7}.Ad-Hoc|iPhone.Build.0 = Release|Any CPU
		{EB5A5557-A776-46C7-9BD0-FFC5F822D8B7}.Ad-Hoc|iPhoneSimulator.ActiveCfg = Release|Any CPU
		{EB5A5557-A776-46C7-9BD0-FFC5F822D8B7}.Ad-Hoc|iPhoneSimulator.Build.0 = Release|Any CPU
		{EB5A5557-A776-46C7-9BD0-FFC5F822D8B7}.Ad-Hoc|x64.ActiveCfg = Release|Any CPU
		{EB5A5557-A776-46C7-9BD0-FFC5F822D8B7}.Ad-Hoc|x64.Build.0 = Release|Any CPU
		{EB5A5557-A776-46C7-9BD0-FFC5F822D8B7}.Ad-Hoc|x86.ActiveCfg = Release|Any CPU
		{EB5A5557-A776-46C7-9BD0-FFC5F822D8B7}.Ad-Hoc|x86.Build.0 = Release|Any CPU
		{EB5A5557-A776-46C7-9BD0-FFC5F822D8B7}.AppStore|Any CPU.ActiveCfg = Release|Any CPU
		{EB5A5557-A776-46C7-9BD0-FFC5F822D8B7}.AppStore|Any CPU.Build.0 = Release|Any CPU
		{EB5A5557-A776-46C7-9BD0-FFC5F822D8B7}.AppStore|ARM.ActiveCfg = Release|Any CPU
		{EB5A5557-A776-46C7-9BD0-FFC5F822D8B7}.AppStore|ARM.Build.0 = Release|Any CPU
		{EB5A5557-A776-46C7-9BD0-FFC5F822D8B7}.AppStore|iPhone.ActiveCfg = Release|Any CPU
		{EB5A5557-A776-46C7-9BD0-FFC5F822D8B7}.AppStore|iPhone.Build.0 = Release|Any CPU
		{EB5A5557-A776-46C7-9BD0-FFC5F822D8B7}.AppStore|iPhoneSimulator.ActiveCfg = Release|Any CPU
		{EB5A5557-A776-46C7-9BD0-FFC5F822D8B7}.AppStore|iPhoneSimulator.Build.0 = Release|Any CPU
		{EB5A5557-A776-46C7-9BD0-FFC5F822D8B7}.AppStore|x64.ActiveCfg = Release|Any CPU
		{EB5A5557-A776-46C7-9BD0-FFC5F822D8B7}.AppStore|x64.Build.0 = Release|Any CPU
		{EB5A5557-A776-46C7-9BD0-FFC5F822D8B7}.AppStore|x86.ActiveCfg = Release|Any CPU
		{EB5A5557-A776-46C7-9BD0-FFC5F822D8B7}.AppStore|x86.Build.0 = Release|Any CPU
		{EB5A5557-A776-46C7-9BD0-FFC5F822D8B7}.Debug|Any CPU.ActiveCfg = Debug|Any CPU
		{EB5A5557-A776-46C7-9BD0-FFC5F822D8B7}.Debug|Any CPU.Build.0 = Debug|Any CPU
		{EB5A5557-A776-46C7-9BD0-FFC5F822D8B7}.Debug|ARM.ActiveCfg = Debug|Any CPU
		{EB5A5557-A776-46C7-9BD0-FFC5F822D8B7}.Debug|ARM.Build.0 = Debug|Any CPU
		{EB5A5557-A776-46C7-9BD0-FFC5F822D8B7}.Debug|iPhone.ActiveCfg = Debug|Any CPU
		{EB5A5557-A776-46C7-9BD0-FFC5F822D8B7}.Debug|iPhone.Build.0 = Debug|Any CPU
		{EB5A5557-A776-46C7-9BD0-FFC5F822D8B7}.Debug|iPhoneSimulator.ActiveCfg = Debug|Any CPU
		{EB5A5557-A776-46C7-9BD0-FFC5F822D8B7}.Debug|iPhoneSimulator.Build.0 = Debug|Any CPU
		{EB5A5557-A776-46C7-9BD0-FFC5F822D8B7}.Debug|x64.ActiveCfg = Debug|Any CPU
		{EB5A5557-A776-46C7-9BD0-FFC5F822D8B7}.Debug|x64.Build.0 = Debug|Any CPU
		{EB5A5557-A776-46C7-9BD0-FFC5F822D8B7}.Debug|x86.ActiveCfg = Debug|Any CPU
		{EB5A5557-A776-46C7-9BD0-FFC5F822D8B7}.Debug|x86.Build.0 = Debug|Any CPU
		{EB5A5557-A776-46C7-9BD0-FFC5F822D8B7}.Release|Any CPU.ActiveCfg = Release|Any CPU
		{EB5A5557-A776-46C7-9BD0-FFC5F822D8B7}.Release|Any CPU.Build.0 = Release|Any CPU
		{EB5A5557-A776-46C7-9BD0-FFC5F822D8B7}.Release|ARM.ActiveCfg = Release|Any CPU
		{EB5A5557-A776-46C7-9BD0-FFC5F822D8B7}.Release|ARM.Build.0 = Release|Any CPU
		{EB5A5557-A776-46C7-9BD0-FFC5F822D8B7}.Release|iPhone.ActiveCfg = Release|Any CPU
		{EB5A5557-A776-46C7-9BD0-FFC5F822D8B7}.Release|iPhone.Build.0 = Release|Any CPU
		{EB5A5557-A776-46C7-9BD0-FFC5F822D8B7}.Release|iPhoneSimulator.ActiveCfg = Release|Any CPU
		{EB5A5557-A776-46C7-9BD0-FFC5F822D8B7}.Release|iPhoneSimulator.Build.0 = Release|Any CPU
		{EB5A5557-A776-46C7-9BD0-FFC5F822D8B7}.Release|x64.ActiveCfg = Release|Any CPU
		{EB5A5557-A776-46C7-9BD0-FFC5F822D8B7}.Release|x64.Build.0 = Release|Any CPU
		{EB5A5557-A776-46C7-9BD0-FFC5F822D8B7}.Release|x86.ActiveCfg = Release|Any CPU
		{EB5A5557-A776-46C7-9BD0-FFC5F822D8B7}.Release|x86.Build.0 = Release|Any CPU
		{3B84D020-558E-4B8C-867F-F74ACA34C25E}.Ad-Hoc|Any CPU.ActiveCfg = Release|Any CPU
		{3B84D020-558E-4B8C-867F-F74ACA34C25E}.Ad-Hoc|Any CPU.Build.0 = Release|Any CPU
		{3B84D020-558E-4B8C-867F-F74ACA34C25E}.Ad-Hoc|ARM.ActiveCfg = Release|Any CPU
		{3B84D020-558E-4B8C-867F-F74ACA34C25E}.Ad-Hoc|ARM.Build.0 = Release|Any CPU
		{3B84D020-558E-4B8C-867F-F74ACA34C25E}.Ad-Hoc|iPhone.ActiveCfg = Release|Any CPU
		{3B84D020-558E-4B8C-867F-F74ACA34C25E}.Ad-Hoc|iPhone.Build.0 = Release|Any CPU
		{3B84D020-558E-4B8C-867F-F74ACA34C25E}.Ad-Hoc|iPhoneSimulator.ActiveCfg = Release|Any CPU
		{3B84D020-558E-4B8C-867F-F74ACA34C25E}.Ad-Hoc|iPhoneSimulator.Build.0 = Release|Any CPU
		{3B84D020-558E-4B8C-867F-F74ACA34C25E}.Ad-Hoc|x64.ActiveCfg = Release|Any CPU
		{3B84D020-558E-4B8C-867F-F74ACA34C25E}.Ad-Hoc|x64.Build.0 = Release|Any CPU
		{3B84D020-558E-4B8C-867F-F74ACA34C25E}.Ad-Hoc|x86.ActiveCfg = Release|Any CPU
		{3B84D020-558E-4B8C-867F-F74ACA34C25E}.Ad-Hoc|x86.Build.0 = Release|Any CPU
		{3B84D020-558E-4B8C-867F-F74ACA34C25E}.AppStore|Any CPU.ActiveCfg = Release|Any CPU
		{3B84D020-558E-4B8C-867F-F74ACA34C25E}.AppStore|Any CPU.Build.0 = Release|Any CPU
		{3B84D020-558E-4B8C-867F-F74ACA34C25E}.AppStore|ARM.ActiveCfg = Release|Any CPU
		{3B84D020-558E-4B8C-867F-F74ACA34C25E}.AppStore|ARM.Build.0 = Release|Any CPU
		{3B84D020-558E-4B8C-867F-F74ACA34C25E}.AppStore|iPhone.ActiveCfg = Release|Any CPU
		{3B84D020-558E-4B8C-867F-F74ACA34C25E}.AppStore|iPhone.Build.0 = Release|Any CPU
		{3B84D020-558E-4B8C-867F-F74ACA34C25E}.AppStore|iPhoneSimulator.ActiveCfg = Release|Any CPU
		{3B84D020-558E-4B8C-867F-F74ACA34C25E}.AppStore|iPhoneSimulator.Build.0 = Release|Any CPU
		{3B84D020-558E-4B8C-867F-F74ACA34C25E}.AppStore|x64.ActiveCfg = Release|Any CPU
		{3B84D020-558E-4B8C-867F-F74ACA34C25E}.AppStore|x64.Build.0 = Release|Any CPU
		{3B84D020-558E-4B8C-867F-F74ACA34C25E}.AppStore|x86.ActiveCfg = Release|Any CPU
		{3B84D020-558E-4B8C-867F-F74ACA34C25E}.AppStore|x86.Build.0 = Release|Any CPU
		{3B84D020-558E-4B8C-867F-F74ACA34C25E}.Debug|Any CPU.ActiveCfg = Debug|Any CPU
		{3B84D020-558E-4B8C-867F-F74ACA34C25E}.Debug|Any CPU.Build.0 = Debug|Any CPU
		{3B84D020-558E-4B8C-867F-F74ACA34C25E}.Debug|ARM.ActiveCfg = Debug|Any CPU
		{3B84D020-558E-4B8C-867F-F74ACA34C25E}.Debug|ARM.Build.0 = Debug|Any CPU
		{3B84D020-558E-4B8C-867F-F74ACA34C25E}.Debug|iPhone.ActiveCfg = Debug|Any CPU
		{3B84D020-558E-4B8C-867F-F74ACA34C25E}.Debug|iPhone.Build.0 = Debug|Any CPU
		{3B84D020-558E-4B8C-867F-F74ACA34C25E}.Debug|iPhoneSimulator.ActiveCfg = Debug|Any CPU
		{3B84D020-558E-4B8C-867F-F74ACA34C25E}.Debug|iPhoneSimulator.Build.0 = Debug|Any CPU
		{3B84D020-558E-4B8C-867F-F74ACA34C25E}.Debug|x64.ActiveCfg = Debug|Any CPU
		{3B84D020-558E-4B8C-867F-F74ACA34C25E}.Debug|x64.Build.0 = Debug|Any CPU
		{3B84D020-558E-4B8C-867F-F74ACA34C25E}.Debug|x86.ActiveCfg = Debug|Any CPU
		{3B84D020-558E-4B8C-867F-F74ACA34C25E}.Debug|x86.Build.0 = Debug|Any CPU
		{3B84D020-558E-4B8C-867F-F74ACA34C25E}.Release|Any CPU.ActiveCfg = Release|Any CPU
		{3B84D020-558E-4B8C-867F-F74ACA34C25E}.Release|Any CPU.Build.0 = Release|Any CPU
		{3B84D020-558E-4B8C-867F-F74ACA34C25E}.Release|ARM.ActiveCfg = Release|Any CPU
		{3B84D020-558E-4B8C-867F-F74ACA34C25E}.Release|ARM.Build.0 = Release|Any CPU
		{3B84D020-558E-4B8C-867F-F74ACA34C25E}.Release|iPhone.ActiveCfg = Release|Any CPU
		{3B84D020-558E-4B8C-867F-F74ACA34C25E}.Release|iPhone.Build.0 = Release|Any CPU
		{3B84D020-558E-4B8C-867F-F74ACA34C25E}.Release|iPhoneSimulator.ActiveCfg = Release|Any CPU
		{3B84D020-558E-4B8C-867F-F74ACA34C25E}.Release|iPhoneSimulator.Build.0 = Release|Any CPU
		{3B84D020-558E-4B8C-867F-F74ACA34C25E}.Release|x64.ActiveCfg = Release|Any CPU
		{3B84D020-558E-4B8C-867F-F74ACA34C25E}.Release|x64.Build.0 = Release|Any CPU
		{3B84D020-558E-4B8C-867F-F74ACA34C25E}.Release|x86.ActiveCfg = Release|Any CPU
		{3B84D020-558E-4B8C-867F-F74ACA34C25E}.Release|x86.Build.0 = Release|Any CPU
		{7A60B781-E323-42F0-830B-D130ECDA2F72}.Ad-Hoc|Any CPU.ActiveCfg = Release|Any CPU
		{7A60B781-E323-42F0-830B-D130ECDA2F72}.Ad-Hoc|Any CPU.Build.0 = Release|Any CPU
		{7A60B781-E323-42F0-830B-D130ECDA2F72}.Ad-Hoc|ARM.ActiveCfg = Release|Any CPU
		{7A60B781-E323-42F0-830B-D130ECDA2F72}.Ad-Hoc|ARM.Build.0 = Release|Any CPU
		{7A60B781-E323-42F0-830B-D130ECDA2F72}.Ad-Hoc|iPhone.ActiveCfg = Release|Any CPU
		{7A60B781-E323-42F0-830B-D130ECDA2F72}.Ad-Hoc|iPhone.Build.0 = Release|Any CPU
		{7A60B781-E323-42F0-830B-D130ECDA2F72}.Ad-Hoc|iPhoneSimulator.ActiveCfg = Release|Any CPU
		{7A60B781-E323-42F0-830B-D130ECDA2F72}.Ad-Hoc|iPhoneSimulator.Build.0 = Release|Any CPU
		{7A60B781-E323-42F0-830B-D130ECDA2F72}.Ad-Hoc|x64.ActiveCfg = Release|Any CPU
		{7A60B781-E323-42F0-830B-D130ECDA2F72}.Ad-Hoc|x64.Build.0 = Release|Any CPU
		{7A60B781-E323-42F0-830B-D130ECDA2F72}.Ad-Hoc|x86.ActiveCfg = Release|Any CPU
		{7A60B781-E323-42F0-830B-D130ECDA2F72}.Ad-Hoc|x86.Build.0 = Release|Any CPU
		{7A60B781-E323-42F0-830B-D130ECDA2F72}.AppStore|Any CPU.ActiveCfg = Release|Any CPU
		{7A60B781-E323-42F0-830B-D130ECDA2F72}.AppStore|Any CPU.Build.0 = Release|Any CPU
		{7A60B781-E323-42F0-830B-D130ECDA2F72}.AppStore|ARM.ActiveCfg = Release|Any CPU
		{7A60B781-E323-42F0-830B-D130ECDA2F72}.AppStore|ARM.Build.0 = Release|Any CPU
		{7A60B781-E323-42F0-830B-D130ECDA2F72}.AppStore|iPhone.ActiveCfg = Release|Any CPU
		{7A60B781-E323-42F0-830B-D130ECDA2F72}.AppStore|iPhone.Build.0 = Release|Any CPU
		{7A60B781-E323-42F0-830B-D130ECDA2F72}.AppStore|iPhoneSimulator.ActiveCfg = Release|Any CPU
		{7A60B781-E323-42F0-830B-D130ECDA2F72}.AppStore|iPhoneSimulator.Build.0 = Release|Any CPU
		{7A60B781-E323-42F0-830B-D130ECDA2F72}.AppStore|x64.ActiveCfg = Release|Any CPU
		{7A60B781-E323-42F0-830B-D130ECDA2F72}.AppStore|x64.Build.0 = Release|Any CPU
		{7A60B781-E323-42F0-830B-D130ECDA2F72}.AppStore|x86.ActiveCfg = Release|Any CPU
		{7A60B781-E323-42F0-830B-D130ECDA2F72}.AppStore|x86.Build.0 = Release|Any CPU
		{7A60B781-E323-42F0-830B-D130ECDA2F72}.Debug|Any CPU.ActiveCfg = Debug|Any CPU
		{7A60B781-E323-42F0-830B-D130ECDA2F72}.Debug|Any CPU.Build.0 = Debug|Any CPU
		{7A60B781-E323-42F0-830B-D130ECDA2F72}.Debug|ARM.ActiveCfg = Debug|Any CPU
		{7A60B781-E323-42F0-830B-D130ECDA2F72}.Debug|ARM.Build.0 = Debug|Any CPU
		{7A60B781-E323-42F0-830B-D130ECDA2F72}.Debug|iPhone.ActiveCfg = Debug|Any CPU
		{7A60B781-E323-42F0-830B-D130ECDA2F72}.Debug|iPhone.Build.0 = Debug|Any CPU
		{7A60B781-E323-42F0-830B-D130ECDA2F72}.Debug|iPhoneSimulator.ActiveCfg = Debug|Any CPU
		{7A60B781-E323-42F0-830B-D130ECDA2F72}.Debug|iPhoneSimulator.Build.0 = Debug|Any CPU
		{7A60B781-E323-42F0-830B-D130ECDA2F72}.Debug|x64.ActiveCfg = Debug|Any CPU
		{7A60B781-E323-42F0-830B-D130ECDA2F72}.Debug|x64.Build.0 = Debug|Any CPU
		{7A60B781-E323-42F0-830B-D130ECDA2F72}.Debug|x86.ActiveCfg = Debug|Any CPU
		{7A60B781-E323-42F0-830B-D130ECDA2F72}.Debug|x86.Build.0 = Debug|Any CPU
		{7A60B781-E323-42F0-830B-D130ECDA2F72}.Release|Any CPU.ActiveCfg = Release|Any CPU
		{7A60B781-E323-42F0-830B-D130ECDA2F72}.Release|Any CPU.Build.0 = Release|Any CPU
		{7A60B781-E323-42F0-830B-D130ECDA2F72}.Release|ARM.ActiveCfg = Release|Any CPU
		{7A60B781-E323-42F0-830B-D130ECDA2F72}.Release|ARM.Build.0 = Release|Any CPU
		{7A60B781-E323-42F0-830B-D130ECDA2F72}.Release|iPhone.ActiveCfg = Release|Any CPU
		{7A60B781-E323-42F0-830B-D130ECDA2F72}.Release|iPhone.Build.0 = Release|Any CPU
		{7A60B781-E323-42F0-830B-D130ECDA2F72}.Release|iPhoneSimulator.ActiveCfg = Release|Any CPU
		{7A60B781-E323-42F0-830B-D130ECDA2F72}.Release|iPhoneSimulator.Build.0 = Release|Any CPU
		{7A60B781-E323-42F0-830B-D130ECDA2F72}.Release|x64.ActiveCfg = Release|Any CPU
		{7A60B781-E323-42F0-830B-D130ECDA2F72}.Release|x64.Build.0 = Release|Any CPU
		{7A60B781-E323-42F0-830B-D130ECDA2F72}.Release|x86.ActiveCfg = Release|Any CPU
		{7A60B781-E323-42F0-830B-D130ECDA2F72}.Release|x86.Build.0 = Release|Any CPU
		{D04E5F56-4B9C-4A74-94FD-35AD597A0B0F}.Ad-Hoc|Any CPU.ActiveCfg = Release|Any CPU
		{D04E5F56-4B9C-4A74-94FD-35AD597A0B0F}.Ad-Hoc|Any CPU.Build.0 = Release|Any CPU
		{D04E5F56-4B9C-4A74-94FD-35AD597A0B0F}.Ad-Hoc|ARM.ActiveCfg = Release|Any CPU
		{D04E5F56-4B9C-4A74-94FD-35AD597A0B0F}.Ad-Hoc|ARM.Build.0 = Release|Any CPU
		{D04E5F56-4B9C-4A74-94FD-35AD597A0B0F}.Ad-Hoc|iPhone.ActiveCfg = Release|Any CPU
		{D04E5F56-4B9C-4A74-94FD-35AD597A0B0F}.Ad-Hoc|iPhone.Build.0 = Release|Any CPU
		{D04E5F56-4B9C-4A74-94FD-35AD597A0B0F}.Ad-Hoc|iPhoneSimulator.ActiveCfg = Release|Any CPU
		{D04E5F56-4B9C-4A74-94FD-35AD597A0B0F}.Ad-Hoc|iPhoneSimulator.Build.0 = Release|Any CPU
		{D04E5F56-4B9C-4A74-94FD-35AD597A0B0F}.Ad-Hoc|x64.ActiveCfg = Release|Any CPU
		{D04E5F56-4B9C-4A74-94FD-35AD597A0B0F}.Ad-Hoc|x64.Build.0 = Release|Any CPU
		{D04E5F56-4B9C-4A74-94FD-35AD597A0B0F}.Ad-Hoc|x86.ActiveCfg = Release|Any CPU
		{D04E5F56-4B9C-4A74-94FD-35AD597A0B0F}.Ad-Hoc|x86.Build.0 = Release|Any CPU
		{D04E5F56-4B9C-4A74-94FD-35AD597A0B0F}.AppStore|Any CPU.ActiveCfg = Release|Any CPU
		{D04E5F56-4B9C-4A74-94FD-35AD597A0B0F}.AppStore|Any CPU.Build.0 = Release|Any CPU
		{D04E5F56-4B9C-4A74-94FD-35AD597A0B0F}.AppStore|ARM.ActiveCfg = Release|Any CPU
		{D04E5F56-4B9C-4A74-94FD-35AD597A0B0F}.AppStore|ARM.Build.0 = Release|Any CPU
		{D04E5F56-4B9C-4A74-94FD-35AD597A0B0F}.AppStore|iPhone.ActiveCfg = Release|Any CPU
		{D04E5F56-4B9C-4A74-94FD-35AD597A0B0F}.AppStore|iPhone.Build.0 = Release|Any CPU
		{D04E5F56-4B9C-4A74-94FD-35AD597A0B0F}.AppStore|iPhoneSimulator.ActiveCfg = Release|Any CPU
		{D04E5F56-4B9C-4A74-94FD-35AD597A0B0F}.AppStore|iPhoneSimulator.Build.0 = Release|Any CPU
		{D04E5F56-4B9C-4A74-94FD-35AD597A0B0F}.AppStore|x64.ActiveCfg = Release|Any CPU
		{D04E5F56-4B9C-4A74-94FD-35AD597A0B0F}.AppStore|x64.Build.0 = Release|Any CPU
		{D04E5F56-4B9C-4A74-94FD-35AD597A0B0F}.AppStore|x86.ActiveCfg = Release|Any CPU
		{D04E5F56-4B9C-4A74-94FD-35AD597A0B0F}.AppStore|x86.Build.0 = Release|Any CPU
		{D04E5F56-4B9C-4A74-94FD-35AD597A0B0F}.Debug|Any CPU.ActiveCfg = Debug|Any CPU
		{D04E5F56-4B9C-4A74-94FD-35AD597A0B0F}.Debug|Any CPU.Build.0 = Debug|Any CPU
		{D04E5F56-4B9C-4A74-94FD-35AD597A0B0F}.Debug|ARM.ActiveCfg = Debug|Any CPU
		{D04E5F56-4B9C-4A74-94FD-35AD597A0B0F}.Debug|ARM.Build.0 = Debug|Any CPU
		{D04E5F56-4B9C-4A74-94FD-35AD597A0B0F}.Debug|iPhone.ActiveCfg = Debug|Any CPU
		{D04E5F56-4B9C-4A74-94FD-35AD597A0B0F}.Debug|iPhone.Build.0 = Debug|Any CPU
		{D04E5F56-4B9C-4A74-94FD-35AD597A0B0F}.Debug|iPhoneSimulator.ActiveCfg = Debug|Any CPU
		{D04E5F56-4B9C-4A74-94FD-35AD597A0B0F}.Debug|iPhoneSimulator.Build.0 = Debug|Any CPU
		{D04E5F56-4B9C-4A74-94FD-35AD597A0B0F}.Debug|x64.ActiveCfg = Debug|Any CPU
		{D04E5F56-4B9C-4A74-94FD-35AD597A0B0F}.Debug|x64.Build.0 = Debug|Any CPU
		{D04E5F56-4B9C-4A74-94FD-35AD597A0B0F}.Debug|x86.ActiveCfg = Debug|Any CPU
		{D04E5F56-4B9C-4A74-94FD-35AD597A0B0F}.Debug|x86.Build.0 = Debug|Any CPU
		{D04E5F56-4B9C-4A74-94FD-35AD597A0B0F}.Release|Any CPU.ActiveCfg = Release|Any CPU
		{D04E5F56-4B9C-4A74-94FD-35AD597A0B0F}.Release|Any CPU.Build.0 = Release|Any CPU
		{D04E5F56-4B9C-4A74-94FD-35AD597A0B0F}.Release|ARM.ActiveCfg = Release|Any CPU
		{D04E5F56-4B9C-4A74-94FD-35AD597A0B0F}.Release|ARM.Build.0 = Release|Any CPU
		{D04E5F56-4B9C-4A74-94FD-35AD597A0B0F}.Release|iPhone.ActiveCfg = Release|Any CPU
		{D04E5F56-4B9C-4A74-94FD-35AD597A0B0F}.Release|iPhone.Build.0 = Release|Any CPU
		{D04E5F56-4B9C-4A74-94FD-35AD597A0B0F}.Release|iPhoneSimulator.ActiveCfg = Release|Any CPU
		{D04E5F56-4B9C-4A74-94FD-35AD597A0B0F}.Release|iPhoneSimulator.Build.0 = Release|Any CPU
		{D04E5F56-4B9C-4A74-94FD-35AD597A0B0F}.Release|x64.ActiveCfg = Release|Any CPU
		{D04E5F56-4B9C-4A74-94FD-35AD597A0B0F}.Release|x64.Build.0 = Release|Any CPU
		{D04E5F56-4B9C-4A74-94FD-35AD597A0B0F}.Release|x86.ActiveCfg = Release|Any CPU
		{D04E5F56-4B9C-4A74-94FD-35AD597A0B0F}.Release|x86.Build.0 = Release|Any CPU
		{8BB66DAD-5E85-40C7-B168-AE8FF4E505E0}.Ad-Hoc|Any CPU.ActiveCfg = Release|Any CPU
		{8BB66DAD-5E85-40C7-B168-AE8FF4E505E0}.Ad-Hoc|Any CPU.Build.0 = Release|Any CPU
		{8BB66DAD-5E85-40C7-B168-AE8FF4E505E0}.Ad-Hoc|ARM.ActiveCfg = Release|Any CPU
		{8BB66DAD-5E85-40C7-B168-AE8FF4E505E0}.Ad-Hoc|ARM.Build.0 = Release|Any CPU
		{8BB66DAD-5E85-40C7-B168-AE8FF4E505E0}.Ad-Hoc|iPhone.ActiveCfg = Release|Any CPU
		{8BB66DAD-5E85-40C7-B168-AE8FF4E505E0}.Ad-Hoc|iPhone.Build.0 = Release|Any CPU
		{8BB66DAD-5E85-40C7-B168-AE8FF4E505E0}.Ad-Hoc|iPhoneSimulator.ActiveCfg = Release|Any CPU
		{8BB66DAD-5E85-40C7-B168-AE8FF4E505E0}.Ad-Hoc|iPhoneSimulator.Build.0 = Release|Any CPU
		{8BB66DAD-5E85-40C7-B168-AE8FF4E505E0}.Ad-Hoc|x64.ActiveCfg = Release|Any CPU
		{8BB66DAD-5E85-40C7-B168-AE8FF4E505E0}.Ad-Hoc|x64.Build.0 = Release|Any CPU
		{8BB66DAD-5E85-40C7-B168-AE8FF4E505E0}.Ad-Hoc|x86.ActiveCfg = Release|Any CPU
		{8BB66DAD-5E85-40C7-B168-AE8FF4E505E0}.Ad-Hoc|x86.Build.0 = Release|Any CPU
		{8BB66DAD-5E85-40C7-B168-AE8FF4E505E0}.AppStore|Any CPU.ActiveCfg = Release|Any CPU
		{8BB66DAD-5E85-40C7-B168-AE8FF4E505E0}.AppStore|Any CPU.Build.0 = Release|Any CPU
		{8BB66DAD-5E85-40C7-B168-AE8FF4E505E0}.AppStore|ARM.ActiveCfg = Release|Any CPU
		{8BB66DAD-5E85-40C7-B168-AE8FF4E505E0}.AppStore|ARM.Build.0 = Release|Any CPU
		{8BB66DAD-5E85-40C7-B168-AE8FF4E505E0}.AppStore|iPhone.ActiveCfg = Release|Any CPU
		{8BB66DAD-5E85-40C7-B168-AE8FF4E505E0}.AppStore|iPhone.Build.0 = Release|Any CPU
		{8BB66DAD-5E85-40C7-B168-AE8FF4E505E0}.AppStore|iPhoneSimulator.ActiveCfg = Release|Any CPU
		{8BB66DAD-5E85-40C7-B168-AE8FF4E505E0}.AppStore|iPhoneSimulator.Build.0 = Release|Any CPU
		{8BB66DAD-5E85-40C7-B168-AE8FF4E505E0}.AppStore|x64.ActiveCfg = Release|Any CPU
		{8BB66DAD-5E85-40C7-B168-AE8FF4E505E0}.AppStore|x64.Build.0 = Release|Any CPU
		{8BB66DAD-5E85-40C7-B168-AE8FF4E505E0}.AppStore|x86.ActiveCfg = Release|Any CPU
		{8BB66DAD-5E85-40C7-B168-AE8FF4E505E0}.AppStore|x86.Build.0 = Release|Any CPU
		{8BB66DAD-5E85-40C7-B168-AE8FF4E505E0}.Debug|Any CPU.ActiveCfg = Debug|Any CPU
		{8BB66DAD-5E85-40C7-B168-AE8FF4E505E0}.Debug|Any CPU.Build.0 = Debug|Any CPU
		{8BB66DAD-5E85-40C7-B168-AE8FF4E505E0}.Debug|ARM.ActiveCfg = Debug|Any CPU
		{8BB66DAD-5E85-40C7-B168-AE8FF4E505E0}.Debug|ARM.Build.0 = Debug|Any CPU
		{8BB66DAD-5E85-40C7-B168-AE8FF4E505E0}.Debug|iPhone.ActiveCfg = Debug|Any CPU
		{8BB66DAD-5E85-40C7-B168-AE8FF4E505E0}.Debug|iPhone.Build.0 = Debug|Any CPU
		{8BB66DAD-5E85-40C7-B168-AE8FF4E505E0}.Debug|iPhoneSimulator.ActiveCfg = Debug|Any CPU
		{8BB66DAD-5E85-40C7-B168-AE8FF4E505E0}.Debug|iPhoneSimulator.Build.0 = Debug|Any CPU
		{8BB66DAD-5E85-40C7-B168-AE8FF4E505E0}.Debug|x64.ActiveCfg = Debug|Any CPU
		{8BB66DAD-5E85-40C7-B168-AE8FF4E505E0}.Debug|x64.Build.0 = Debug|Any CPU
		{8BB66DAD-5E85-40C7-B168-AE8FF4E505E0}.Debug|x86.ActiveCfg = Debug|Any CPU
		{8BB66DAD-5E85-40C7-B168-AE8FF4E505E0}.Debug|x86.Build.0 = Debug|Any CPU
		{8BB66DAD-5E85-40C7-B168-AE8FF4E505E0}.Release|Any CPU.ActiveCfg = Release|Any CPU
		{8BB66DAD-5E85-40C7-B168-AE8FF4E505E0}.Release|Any CPU.Build.0 = Release|Any CPU
		{8BB66DAD-5E85-40C7-B168-AE8FF4E505E0}.Release|ARM.ActiveCfg = Release|Any CPU
		{8BB66DAD-5E85-40C7-B168-AE8FF4E505E0}.Release|ARM.Build.0 = Release|Any CPU
		{8BB66DAD-5E85-40C7-B168-AE8FF4E505E0}.Release|iPhone.ActiveCfg = Release|Any CPU
		{8BB66DAD-5E85-40C7-B168-AE8FF4E505E0}.Release|iPhone.Build.0 = Release|Any CPU
		{8BB66DAD-5E85-40C7-B168-AE8FF4E505E0}.Release|iPhoneSimulator.ActiveCfg = Release|Any CPU
		{8BB66DAD-5E85-40C7-B168-AE8FF4E505E0}.Release|iPhoneSimulator.Build.0 = Release|Any CPU
		{8BB66DAD-5E85-40C7-B168-AE8FF4E505E0}.Release|x64.ActiveCfg = Release|Any CPU
		{8BB66DAD-5E85-40C7-B168-AE8FF4E505E0}.Release|x64.Build.0 = Release|Any CPU
		{8BB66DAD-5E85-40C7-B168-AE8FF4E505E0}.Release|x86.ActiveCfg = Release|Any CPU
		{8BB66DAD-5E85-40C7-B168-AE8FF4E505E0}.Release|x86.Build.0 = Release|Any CPU
		{805F1666-508A-401D-BE0E-AEF12AE1C537}.Ad-Hoc|Any CPU.ActiveCfg = Release|x64
		{805F1666-508A-401D-BE0E-AEF12AE1C537}.Ad-Hoc|Any CPU.Build.0 = Release|x64
		{805F1666-508A-401D-BE0E-AEF12AE1C537}.Ad-Hoc|Any CPU.Deploy.0 = Release|x64
		{805F1666-508A-401D-BE0E-AEF12AE1C537}.Ad-Hoc|ARM.ActiveCfg = Release|ARM
		{805F1666-508A-401D-BE0E-AEF12AE1C537}.Ad-Hoc|ARM.Build.0 = Release|ARM
		{805F1666-508A-401D-BE0E-AEF12AE1C537}.Ad-Hoc|ARM.Deploy.0 = Release|ARM
		{805F1666-508A-401D-BE0E-AEF12AE1C537}.Ad-Hoc|iPhone.ActiveCfg = Release|x64
		{805F1666-508A-401D-BE0E-AEF12AE1C537}.Ad-Hoc|iPhone.Build.0 = Release|x64
		{805F1666-508A-401D-BE0E-AEF12AE1C537}.Ad-Hoc|iPhone.Deploy.0 = Release|x64
		{805F1666-508A-401D-BE0E-AEF12AE1C537}.Ad-Hoc|iPhoneSimulator.ActiveCfg = Release|x64
		{805F1666-508A-401D-BE0E-AEF12AE1C537}.Ad-Hoc|iPhoneSimulator.Build.0 = Release|x64
		{805F1666-508A-401D-BE0E-AEF12AE1C537}.Ad-Hoc|iPhoneSimulator.Deploy.0 = Release|x64
		{805F1666-508A-401D-BE0E-AEF12AE1C537}.Ad-Hoc|x64.ActiveCfg = Release|x64
		{805F1666-508A-401D-BE0E-AEF12AE1C537}.Ad-Hoc|x64.Build.0 = Release|x64
		{805F1666-508A-401D-BE0E-AEF12AE1C537}.Ad-Hoc|x64.Deploy.0 = Release|x64
		{805F1666-508A-401D-BE0E-AEF12AE1C537}.Ad-Hoc|x86.ActiveCfg = Release|x86
		{805F1666-508A-401D-BE0E-AEF12AE1C537}.Ad-Hoc|x86.Build.0 = Release|x86
		{805F1666-508A-401D-BE0E-AEF12AE1C537}.Ad-Hoc|x86.Deploy.0 = Release|x86
		{805F1666-508A-401D-BE0E-AEF12AE1C537}.AppStore|Any CPU.ActiveCfg = Release|x64
		{805F1666-508A-401D-BE0E-AEF12AE1C537}.AppStore|Any CPU.Build.0 = Release|x64
		{805F1666-508A-401D-BE0E-AEF12AE1C537}.AppStore|Any CPU.Deploy.0 = Release|x64
		{805F1666-508A-401D-BE0E-AEF12AE1C537}.AppStore|ARM.ActiveCfg = Release|ARM
		{805F1666-508A-401D-BE0E-AEF12AE1C537}.AppStore|ARM.Build.0 = Release|ARM
		{805F1666-508A-401D-BE0E-AEF12AE1C537}.AppStore|ARM.Deploy.0 = Release|ARM
		{805F1666-508A-401D-BE0E-AEF12AE1C537}.AppStore|iPhone.ActiveCfg = Release|x64
		{805F1666-508A-401D-BE0E-AEF12AE1C537}.AppStore|iPhone.Build.0 = Release|x64
		{805F1666-508A-401D-BE0E-AEF12AE1C537}.AppStore|iPhone.Deploy.0 = Release|x64
		{805F1666-508A-401D-BE0E-AEF12AE1C537}.AppStore|iPhoneSimulator.ActiveCfg = Release|x64
		{805F1666-508A-401D-BE0E-AEF12AE1C537}.AppStore|iPhoneSimulator.Build.0 = Release|x64
		{805F1666-508A-401D-BE0E-AEF12AE1C537}.AppStore|iPhoneSimulator.Deploy.0 = Release|x64
		{805F1666-508A-401D-BE0E-AEF12AE1C537}.AppStore|x64.ActiveCfg = Release|x64
		{805F1666-508A-401D-BE0E-AEF12AE1C537}.AppStore|x64.Build.0 = Release|x64
		{805F1666-508A-401D-BE0E-AEF12AE1C537}.AppStore|x64.Deploy.0 = Release|x64
		{805F1666-508A-401D-BE0E-AEF12AE1C537}.AppStore|x86.ActiveCfg = Release|x86
		{805F1666-508A-401D-BE0E-AEF12AE1C537}.AppStore|x86.Build.0 = Release|x86
		{805F1666-508A-401D-BE0E-AEF12AE1C537}.AppStore|x86.Deploy.0 = Release|x86
		{805F1666-508A-401D-BE0E-AEF12AE1C537}.Debug|Any CPU.ActiveCfg = Debug|x86
		{805F1666-508A-401D-BE0E-AEF12AE1C537}.Debug|Any CPU.Build.0 = Debug|x86
		{805F1666-508A-401D-BE0E-AEF12AE1C537}.Debug|Any CPU.Deploy.0 = Debug|x86
		{805F1666-508A-401D-BE0E-AEF12AE1C537}.Debug|ARM.ActiveCfg = Debug|ARM
		{805F1666-508A-401D-BE0E-AEF12AE1C537}.Debug|ARM.Build.0 = Debug|ARM
		{805F1666-508A-401D-BE0E-AEF12AE1C537}.Debug|ARM.Deploy.0 = Debug|ARM
		{805F1666-508A-401D-BE0E-AEF12AE1C537}.Debug|iPhone.ActiveCfg = Debug|x86
		{805F1666-508A-401D-BE0E-AEF12AE1C537}.Debug|iPhoneSimulator.ActiveCfg = Debug|x86
		{805F1666-508A-401D-BE0E-AEF12AE1C537}.Debug|x64.ActiveCfg = Debug|x64
		{805F1666-508A-401D-BE0E-AEF12AE1C537}.Debug|x64.Build.0 = Debug|x64
		{805F1666-508A-401D-BE0E-AEF12AE1C537}.Debug|x64.Deploy.0 = Debug|x64
		{805F1666-508A-401D-BE0E-AEF12AE1C537}.Debug|x86.ActiveCfg = Debug|x86
		{805F1666-508A-401D-BE0E-AEF12AE1C537}.Debug|x86.Build.0 = Debug|x86
		{805F1666-508A-401D-BE0E-AEF12AE1C537}.Debug|x86.Deploy.0 = Debug|x86
		{805F1666-508A-401D-BE0E-AEF12AE1C537}.Release|Any CPU.ActiveCfg = Release|x86
		{805F1666-508A-401D-BE0E-AEF12AE1C537}.Release|ARM.ActiveCfg = Release|ARM
		{805F1666-508A-401D-BE0E-AEF12AE1C537}.Release|ARM.Build.0 = Release|ARM
		{805F1666-508A-401D-BE0E-AEF12AE1C537}.Release|ARM.Deploy.0 = Release|ARM
		{805F1666-508A-401D-BE0E-AEF12AE1C537}.Release|iPhone.ActiveCfg = Release|x86
		{805F1666-508A-401D-BE0E-AEF12AE1C537}.Release|iPhoneSimulator.ActiveCfg = Release|x86
		{805F1666-508A-401D-BE0E-AEF12AE1C537}.Release|x64.ActiveCfg = Release|x64
		{805F1666-508A-401D-BE0E-AEF12AE1C537}.Release|x64.Build.0 = Release|x64
		{805F1666-508A-401D-BE0E-AEF12AE1C537}.Release|x64.Deploy.0 = Release|x64
		{805F1666-508A-401D-BE0E-AEF12AE1C537}.Release|x86.ActiveCfg = Release|x86
		{805F1666-508A-401D-BE0E-AEF12AE1C537}.Release|x86.Build.0 = Release|x86
		{805F1666-508A-401D-BE0E-AEF12AE1C537}.Release|x86.Deploy.0 = Release|x86
		{8640FAF5-9D3C-4711-92EE-0342670EB646}.Ad-Hoc|Any CPU.ActiveCfg = Release|Any CPU
		{8640FAF5-9D3C-4711-92EE-0342670EB646}.Ad-Hoc|Any CPU.Build.0 = Release|Any CPU
		{8640FAF5-9D3C-4711-92EE-0342670EB646}.Ad-Hoc|Any CPU.Deploy.0 = Release|Any CPU
		{8640FAF5-9D3C-4711-92EE-0342670EB646}.Ad-Hoc|ARM.ActiveCfg = Release|Any CPU
		{8640FAF5-9D3C-4711-92EE-0342670EB646}.Ad-Hoc|ARM.Build.0 = Release|Any CPU
		{8640FAF5-9D3C-4711-92EE-0342670EB646}.Ad-Hoc|ARM.Deploy.0 = Release|Any CPU
		{8640FAF5-9D3C-4711-92EE-0342670EB646}.Ad-Hoc|iPhone.ActiveCfg = Release|Any CPU
		{8640FAF5-9D3C-4711-92EE-0342670EB646}.Ad-Hoc|iPhone.Build.0 = Release|Any CPU
		{8640FAF5-9D3C-4711-92EE-0342670EB646}.Ad-Hoc|iPhone.Deploy.0 = Release|Any CPU
		{8640FAF5-9D3C-4711-92EE-0342670EB646}.Ad-Hoc|iPhoneSimulator.ActiveCfg = Release|Any CPU
		{8640FAF5-9D3C-4711-92EE-0342670EB646}.Ad-Hoc|iPhoneSimulator.Build.0 = Release|Any CPU
		{8640FAF5-9D3C-4711-92EE-0342670EB646}.Ad-Hoc|iPhoneSimulator.Deploy.0 = Release|Any CPU
		{8640FAF5-9D3C-4711-92EE-0342670EB646}.Ad-Hoc|x64.ActiveCfg = Release|Any CPU
		{8640FAF5-9D3C-4711-92EE-0342670EB646}.Ad-Hoc|x64.Build.0 = Release|Any CPU
		{8640FAF5-9D3C-4711-92EE-0342670EB646}.Ad-Hoc|x64.Deploy.0 = Release|Any CPU
		{8640FAF5-9D3C-4711-92EE-0342670EB646}.Ad-Hoc|x86.ActiveCfg = Release|Any CPU
		{8640FAF5-9D3C-4711-92EE-0342670EB646}.Ad-Hoc|x86.Build.0 = Release|Any CPU
		{8640FAF5-9D3C-4711-92EE-0342670EB646}.Ad-Hoc|x86.Deploy.0 = Release|Any CPU
		{8640FAF5-9D3C-4711-92EE-0342670EB646}.AppStore|Any CPU.ActiveCfg = Release|Any CPU
		{8640FAF5-9D3C-4711-92EE-0342670EB646}.AppStore|Any CPU.Build.0 = Release|Any CPU
		{8640FAF5-9D3C-4711-92EE-0342670EB646}.AppStore|Any CPU.Deploy.0 = Release|Any CPU
		{8640FAF5-9D3C-4711-92EE-0342670EB646}.AppStore|ARM.ActiveCfg = Release|Any CPU
		{8640FAF5-9D3C-4711-92EE-0342670EB646}.AppStore|ARM.Build.0 = Release|Any CPU
		{8640FAF5-9D3C-4711-92EE-0342670EB646}.AppStore|ARM.Deploy.0 = Release|Any CPU
		{8640FAF5-9D3C-4711-92EE-0342670EB646}.AppStore|iPhone.ActiveCfg = Release|Any CPU
		{8640FAF5-9D3C-4711-92EE-0342670EB646}.AppStore|iPhone.Build.0 = Release|Any CPU
		{8640FAF5-9D3C-4711-92EE-0342670EB646}.AppStore|iPhone.Deploy.0 = Release|Any CPU
		{8640FAF5-9D3C-4711-92EE-0342670EB646}.AppStore|iPhoneSimulator.ActiveCfg = Release|Any CPU
		{8640FAF5-9D3C-4711-92EE-0342670EB646}.AppStore|iPhoneSimulator.Build.0 = Release|Any CPU
		{8640FAF5-9D3C-4711-92EE-0342670EB646}.AppStore|iPhoneSimulator.Deploy.0 = Release|Any CPU
		{8640FAF5-9D3C-4711-92EE-0342670EB646}.AppStore|x64.ActiveCfg = Release|Any CPU
		{8640FAF5-9D3C-4711-92EE-0342670EB646}.AppStore|x64.Build.0 = Release|Any CPU
		{8640FAF5-9D3C-4711-92EE-0342670EB646}.AppStore|x64.Deploy.0 = Release|Any CPU
		{8640FAF5-9D3C-4711-92EE-0342670EB646}.AppStore|x86.ActiveCfg = Release|Any CPU
		{8640FAF5-9D3C-4711-92EE-0342670EB646}.AppStore|x86.Build.0 = Release|Any CPU
		{8640FAF5-9D3C-4711-92EE-0342670EB646}.AppStore|x86.Deploy.0 = Release|Any CPU
		{8640FAF5-9D3C-4711-92EE-0342670EB646}.Debug|Any CPU.ActiveCfg = Debug|Any CPU
		{8640FAF5-9D3C-4711-92EE-0342670EB646}.Debug|Any CPU.Build.0 = Debug|Any CPU
		{8640FAF5-9D3C-4711-92EE-0342670EB646}.Debug|Any CPU.Deploy.0 = Debug|Any CPU
		{8640FAF5-9D3C-4711-92EE-0342670EB646}.Debug|ARM.ActiveCfg = Debug|Any CPU
		{8640FAF5-9D3C-4711-92EE-0342670EB646}.Debug|ARM.Build.0 = Debug|Any CPU
		{8640FAF5-9D3C-4711-92EE-0342670EB646}.Debug|ARM.Deploy.0 = Debug|Any CPU
		{8640FAF5-9D3C-4711-92EE-0342670EB646}.Debug|iPhone.ActiveCfg = Debug|Any CPU
		{8640FAF5-9D3C-4711-92EE-0342670EB646}.Debug|iPhone.Build.0 = Debug|Any CPU
		{8640FAF5-9D3C-4711-92EE-0342670EB646}.Debug|iPhone.Deploy.0 = Debug|Any CPU
		{8640FAF5-9D3C-4711-92EE-0342670EB646}.Debug|iPhoneSimulator.ActiveCfg = Debug|Any CPU
		{8640FAF5-9D3C-4711-92EE-0342670EB646}.Debug|iPhoneSimulator.Build.0 = Debug|Any CPU
		{8640FAF5-9D3C-4711-92EE-0342670EB646}.Debug|iPhoneSimulator.Deploy.0 = Debug|Any CPU
		{8640FAF5-9D3C-4711-92EE-0342670EB646}.Debug|x64.ActiveCfg = Debug|Any CPU
		{8640FAF5-9D3C-4711-92EE-0342670EB646}.Debug|x64.Build.0 = Debug|Any CPU
		{8640FAF5-9D3C-4711-92EE-0342670EB646}.Debug|x64.Deploy.0 = Debug|Any CPU
		{8640FAF5-9D3C-4711-92EE-0342670EB646}.Debug|x86.ActiveCfg = Debug|Any CPU
		{8640FAF5-9D3C-4711-92EE-0342670EB646}.Debug|x86.Build.0 = Debug|Any CPU
		{8640FAF5-9D3C-4711-92EE-0342670EB646}.Debug|x86.Deploy.0 = Debug|Any CPU
		{8640FAF5-9D3C-4711-92EE-0342670EB646}.Release|Any CPU.ActiveCfg = Release|Any CPU
		{8640FAF5-9D3C-4711-92EE-0342670EB646}.Release|Any CPU.Build.0 = Release|Any CPU
		{8640FAF5-9D3C-4711-92EE-0342670EB646}.Release|Any CPU.Deploy.0 = Release|Any CPU
		{8640FAF5-9D3C-4711-92EE-0342670EB646}.Release|ARM.ActiveCfg = Release|Any CPU
		{8640FAF5-9D3C-4711-92EE-0342670EB646}.Release|ARM.Build.0 = Release|Any CPU
		{8640FAF5-9D3C-4711-92EE-0342670EB646}.Release|ARM.Deploy.0 = Release|Any CPU
		{8640FAF5-9D3C-4711-92EE-0342670EB646}.Release|iPhone.ActiveCfg = Release|Any CPU
		{8640FAF5-9D3C-4711-92EE-0342670EB646}.Release|iPhone.Build.0 = Release|Any CPU
		{8640FAF5-9D3C-4711-92EE-0342670EB646}.Release|iPhone.Deploy.0 = Release|Any CPU
		{8640FAF5-9D3C-4711-92EE-0342670EB646}.Release|iPhoneSimulator.ActiveCfg = Release|Any CPU
		{8640FAF5-9D3C-4711-92EE-0342670EB646}.Release|iPhoneSimulator.Build.0 = Release|Any CPU
		{8640FAF5-9D3C-4711-92EE-0342670EB646}.Release|iPhoneSimulator.Deploy.0 = Release|Any CPU
		{8640FAF5-9D3C-4711-92EE-0342670EB646}.Release|x64.ActiveCfg = Release|Any CPU
		{8640FAF5-9D3C-4711-92EE-0342670EB646}.Release|x64.Build.0 = Release|Any CPU
		{8640FAF5-9D3C-4711-92EE-0342670EB646}.Release|x64.Deploy.0 = Release|Any CPU
		{8640FAF5-9D3C-4711-92EE-0342670EB646}.Release|x86.ActiveCfg = Release|Any CPU
		{8640FAF5-9D3C-4711-92EE-0342670EB646}.Release|x86.Build.0 = Release|Any CPU
		{8640FAF5-9D3C-4711-92EE-0342670EB646}.Release|x86.Deploy.0 = Release|Any CPU
		{413A68D6-35E2-4ECB-8CC6-A36A8C5642F4}.Ad-Hoc|Any CPU.ActiveCfg = Ad-Hoc|iPhone
		{413A68D6-35E2-4ECB-8CC6-A36A8C5642F4}.Ad-Hoc|ARM.ActiveCfg = Ad-Hoc|iPhone
		{413A68D6-35E2-4ECB-8CC6-A36A8C5642F4}.Ad-Hoc|iPhone.ActiveCfg = Ad-Hoc|iPhone
		{413A68D6-35E2-4ECB-8CC6-A36A8C5642F4}.Ad-Hoc|iPhone.Build.0 = Ad-Hoc|iPhone
		{413A68D6-35E2-4ECB-8CC6-A36A8C5642F4}.Ad-Hoc|iPhoneSimulator.ActiveCfg = Ad-Hoc|iPhoneSimulator
		{413A68D6-35E2-4ECB-8CC6-A36A8C5642F4}.Ad-Hoc|iPhoneSimulator.Build.0 = Ad-Hoc|iPhoneSimulator
		{413A68D6-35E2-4ECB-8CC6-A36A8C5642F4}.Ad-Hoc|x64.ActiveCfg = Ad-Hoc|iPhone
		{413A68D6-35E2-4ECB-8CC6-A36A8C5642F4}.Ad-Hoc|x86.ActiveCfg = Ad-Hoc|iPhone
		{413A68D6-35E2-4ECB-8CC6-A36A8C5642F4}.AppStore|Any CPU.ActiveCfg = AppStore|iPhone
		{413A68D6-35E2-4ECB-8CC6-A36A8C5642F4}.AppStore|ARM.ActiveCfg = AppStore|iPhone
		{413A68D6-35E2-4ECB-8CC6-A36A8C5642F4}.AppStore|iPhone.ActiveCfg = AppStore|iPhone
		{413A68D6-35E2-4ECB-8CC6-A36A8C5642F4}.AppStore|iPhone.Build.0 = AppStore|iPhone
		{413A68D6-35E2-4ECB-8CC6-A36A8C5642F4}.AppStore|iPhoneSimulator.ActiveCfg = AppStore|iPhoneSimulator
		{413A68D6-35E2-4ECB-8CC6-A36A8C5642F4}.AppStore|iPhoneSimulator.Build.0 = AppStore|iPhoneSimulator
		{413A68D6-35E2-4ECB-8CC6-A36A8C5642F4}.AppStore|x64.ActiveCfg = AppStore|iPhone
		{413A68D6-35E2-4ECB-8CC6-A36A8C5642F4}.AppStore|x86.ActiveCfg = AppStore|iPhone
		{413A68D6-35E2-4ECB-8CC6-A36A8C5642F4}.Debug|Any CPU.ActiveCfg = Debug|iPhone
		{413A68D6-35E2-4ECB-8CC6-A36A8C5642F4}.Debug|ARM.ActiveCfg = Debug|iPhone
		{413A68D6-35E2-4ECB-8CC6-A36A8C5642F4}.Debug|iPhone.ActiveCfg = Debug|iPhone
		{413A68D6-35E2-4ECB-8CC6-A36A8C5642F4}.Debug|iPhone.Build.0 = Debug|iPhone
		{413A68D6-35E2-4ECB-8CC6-A36A8C5642F4}.Debug|iPhoneSimulator.ActiveCfg = Debug|iPhoneSimulator
		{413A68D6-35E2-4ECB-8CC6-A36A8C5642F4}.Debug|iPhoneSimulator.Build.0 = Debug|iPhoneSimulator
		{413A68D6-35E2-4ECB-8CC6-A36A8C5642F4}.Debug|x64.ActiveCfg = Debug|iPhone
		{413A68D6-35E2-4ECB-8CC6-A36A8C5642F4}.Debug|x86.ActiveCfg = Debug|iPhone
		{413A68D6-35E2-4ECB-8CC6-A36A8C5642F4}.Release|Any CPU.ActiveCfg = Release|iPhone
		{413A68D6-35E2-4ECB-8CC6-A36A8C5642F4}.Release|ARM.ActiveCfg = Release|iPhone
		{413A68D6-35E2-4ECB-8CC6-A36A8C5642F4}.Release|iPhone.ActiveCfg = Release|iPhone
		{413A68D6-35E2-4ECB-8CC6-A36A8C5642F4}.Release|iPhone.Build.0 = Release|iPhone
		{413A68D6-35E2-4ECB-8CC6-A36A8C5642F4}.Release|iPhoneSimulator.ActiveCfg = Release|iPhoneSimulator
		{413A68D6-35E2-4ECB-8CC6-A36A8C5642F4}.Release|iPhoneSimulator.Build.0 = Release|iPhoneSimulator
		{413A68D6-35E2-4ECB-8CC6-A36A8C5642F4}.Release|x64.ActiveCfg = Release|iPhone
		{413A68D6-35E2-4ECB-8CC6-A36A8C5642F4}.Release|x86.ActiveCfg = Release|iPhone
		{76834ABB-9904-4178-A985-3B802910BE3C}.Ad-Hoc|Any CPU.ActiveCfg = Debug|x86
		{76834ABB-9904-4178-A985-3B802910BE3C}.Ad-Hoc|Any CPU.Build.0 = Debug|x86
		{76834ABB-9904-4178-A985-3B802910BE3C}.Ad-Hoc|Any CPU.Deploy.0 = Debug|x86
		{76834ABB-9904-4178-A985-3B802910BE3C}.Ad-Hoc|ARM.ActiveCfg = Debug|ARM
		{76834ABB-9904-4178-A985-3B802910BE3C}.Ad-Hoc|ARM.Build.0 = Debug|ARM
		{76834ABB-9904-4178-A985-3B802910BE3C}.Ad-Hoc|ARM.Deploy.0 = Debug|ARM
		{76834ABB-9904-4178-A985-3B802910BE3C}.Ad-Hoc|iPhone.ActiveCfg = Debug|x86
		{76834ABB-9904-4178-A985-3B802910BE3C}.Ad-Hoc|iPhone.Build.0 = Debug|x86
		{76834ABB-9904-4178-A985-3B802910BE3C}.Ad-Hoc|iPhone.Deploy.0 = Debug|x86
		{76834ABB-9904-4178-A985-3B802910BE3C}.Ad-Hoc|iPhoneSimulator.ActiveCfg = Debug|x86
		{76834ABB-9904-4178-A985-3B802910BE3C}.Ad-Hoc|iPhoneSimulator.Build.0 = Debug|x86
		{76834ABB-9904-4178-A985-3B802910BE3C}.Ad-Hoc|iPhoneSimulator.Deploy.0 = Debug|x86
		{76834ABB-9904-4178-A985-3B802910BE3C}.Ad-Hoc|x64.ActiveCfg = Debug|x64
		{76834ABB-9904-4178-A985-3B802910BE3C}.Ad-Hoc|x64.Build.0 = Debug|x64
		{76834ABB-9904-4178-A985-3B802910BE3C}.Ad-Hoc|x64.Deploy.0 = Debug|x64
		{76834ABB-9904-4178-A985-3B802910BE3C}.Ad-Hoc|x86.ActiveCfg = Debug|x86
		{76834ABB-9904-4178-A985-3B802910BE3C}.Ad-Hoc|x86.Build.0 = Debug|x86
		{76834ABB-9904-4178-A985-3B802910BE3C}.Ad-Hoc|x86.Deploy.0 = Debug|x86
		{76834ABB-9904-4178-A985-3B802910BE3C}.AppStore|Any CPU.ActiveCfg = Debug|x86
		{76834ABB-9904-4178-A985-3B802910BE3C}.AppStore|Any CPU.Build.0 = Debug|x86
		{76834ABB-9904-4178-A985-3B802910BE3C}.AppStore|Any CPU.Deploy.0 = Debug|x86
		{76834ABB-9904-4178-A985-3B802910BE3C}.AppStore|ARM.ActiveCfg = Debug|ARM
		{76834ABB-9904-4178-A985-3B802910BE3C}.AppStore|ARM.Build.0 = Debug|ARM
		{76834ABB-9904-4178-A985-3B802910BE3C}.AppStore|ARM.Deploy.0 = Debug|ARM
		{76834ABB-9904-4178-A985-3B802910BE3C}.AppStore|iPhone.ActiveCfg = Debug|x86
		{76834ABB-9904-4178-A985-3B802910BE3C}.AppStore|iPhone.Build.0 = Debug|x86
		{76834ABB-9904-4178-A985-3B802910BE3C}.AppStore|iPhone.Deploy.0 = Debug|x86
		{76834ABB-9904-4178-A985-3B802910BE3C}.AppStore|iPhoneSimulator.ActiveCfg = Debug|x86
		{76834ABB-9904-4178-A985-3B802910BE3C}.AppStore|iPhoneSimulator.Build.0 = Debug|x86
		{76834ABB-9904-4178-A985-3B802910BE3C}.AppStore|iPhoneSimulator.Deploy.0 = Debug|x86
		{76834ABB-9904-4178-A985-3B802910BE3C}.AppStore|x64.ActiveCfg = Debug|x64
		{76834ABB-9904-4178-A985-3B802910BE3C}.AppStore|x64.Build.0 = Debug|x64
		{76834ABB-9904-4178-A985-3B802910BE3C}.AppStore|x64.Deploy.0 = Debug|x64
		{76834ABB-9904-4178-A985-3B802910BE3C}.AppStore|x86.ActiveCfg = Debug|x86
		{76834ABB-9904-4178-A985-3B802910BE3C}.AppStore|x86.Build.0 = Debug|x86
		{76834ABB-9904-4178-A985-3B802910BE3C}.AppStore|x86.Deploy.0 = Debug|x86
		{76834ABB-9904-4178-A985-3B802910BE3C}.Debug|Any CPU.ActiveCfg = Debug|x86
		{76834ABB-9904-4178-A985-3B802910BE3C}.Debug|ARM.ActiveCfg = Debug|ARM
		{76834ABB-9904-4178-A985-3B802910BE3C}.Debug|ARM.Build.0 = Debug|ARM
		{76834ABB-9904-4178-A985-3B802910BE3C}.Debug|ARM.Deploy.0 = Debug|ARM
		{76834ABB-9904-4178-A985-3B802910BE3C}.Debug|iPhone.ActiveCfg = Debug|x86
		{76834ABB-9904-4178-A985-3B802910BE3C}.Debug|iPhoneSimulator.ActiveCfg = Debug|x86
		{76834ABB-9904-4178-A985-3B802910BE3C}.Debug|x64.ActiveCfg = Debug|x64
		{76834ABB-9904-4178-A985-3B802910BE3C}.Debug|x64.Build.0 = Debug|x64
		{76834ABB-9904-4178-A985-3B802910BE3C}.Debug|x64.Deploy.0 = Debug|x64
		{76834ABB-9904-4178-A985-3B802910BE3C}.Debug|x86.ActiveCfg = Debug|x86
		{76834ABB-9904-4178-A985-3B802910BE3C}.Debug|x86.Build.0 = Debug|x86
		{76834ABB-9904-4178-A985-3B802910BE3C}.Debug|x86.Deploy.0 = Debug|x86
		{76834ABB-9904-4178-A985-3B802910BE3C}.Release|Any CPU.ActiveCfg = Release|x86
		{76834ABB-9904-4178-A985-3B802910BE3C}.Release|ARM.ActiveCfg = Release|ARM
		{76834ABB-9904-4178-A985-3B802910BE3C}.Release|ARM.Build.0 = Release|ARM
		{76834ABB-9904-4178-A985-3B802910BE3C}.Release|ARM.Deploy.0 = Release|ARM
		{76834ABB-9904-4178-A985-3B802910BE3C}.Release|iPhone.ActiveCfg = Release|x86
		{76834ABB-9904-4178-A985-3B802910BE3C}.Release|iPhoneSimulator.ActiveCfg = Release|x86
		{76834ABB-9904-4178-A985-3B802910BE3C}.Release|x64.ActiveCfg = Release|x64
		{76834ABB-9904-4178-A985-3B802910BE3C}.Release|x64.Build.0 = Release|x64
		{76834ABB-9904-4178-A985-3B802910BE3C}.Release|x64.Deploy.0 = Release|x64
		{76834ABB-9904-4178-A985-3B802910BE3C}.Release|x86.ActiveCfg = Release|x86
		{76834ABB-9904-4178-A985-3B802910BE3C}.Release|x86.Build.0 = Release|x86
		{76834ABB-9904-4178-A985-3B802910BE3C}.Release|x86.Deploy.0 = Release|x86
		{10F2F5C0-CE50-4401-A846-0BA7333245E9}.Ad-Hoc|Any CPU.ActiveCfg = Debug|Any CPU
		{10F2F5C0-CE50-4401-A846-0BA7333245E9}.Ad-Hoc|Any CPU.Build.0 = Debug|Any CPU
		{10F2F5C0-CE50-4401-A846-0BA7333245E9}.Ad-Hoc|ARM.ActiveCfg = Debug|Any CPU
		{10F2F5C0-CE50-4401-A846-0BA7333245E9}.Ad-Hoc|ARM.Build.0 = Debug|Any CPU
		{10F2F5C0-CE50-4401-A846-0BA7333245E9}.Ad-Hoc|iPhone.ActiveCfg = Debug|Any CPU
		{10F2F5C0-CE50-4401-A846-0BA7333245E9}.Ad-Hoc|iPhone.Build.0 = Debug|Any CPU
		{10F2F5C0-CE50-4401-A846-0BA7333245E9}.Ad-Hoc|iPhoneSimulator.ActiveCfg = Debug|Any CPU
		{10F2F5C0-CE50-4401-A846-0BA7333245E9}.Ad-Hoc|iPhoneSimulator.Build.0 = Debug|Any CPU
		{10F2F5C0-CE50-4401-A846-0BA7333245E9}.Ad-Hoc|x64.ActiveCfg = Debug|Any CPU
		{10F2F5C0-CE50-4401-A846-0BA7333245E9}.Ad-Hoc|x64.Build.0 = Debug|Any CPU
		{10F2F5C0-CE50-4401-A846-0BA7333245E9}.Ad-Hoc|x86.ActiveCfg = Debug|Any CPU
		{10F2F5C0-CE50-4401-A846-0BA7333245E9}.Ad-Hoc|x86.Build.0 = Debug|Any CPU
		{10F2F5C0-CE50-4401-A846-0BA7333245E9}.AppStore|Any CPU.ActiveCfg = Debug|Any CPU
		{10F2F5C0-CE50-4401-A846-0BA7333245E9}.AppStore|Any CPU.Build.0 = Debug|Any CPU
		{10F2F5C0-CE50-4401-A846-0BA7333245E9}.AppStore|ARM.ActiveCfg = Debug|Any CPU
		{10F2F5C0-CE50-4401-A846-0BA7333245E9}.AppStore|ARM.Build.0 = Debug|Any CPU
		{10F2F5C0-CE50-4401-A846-0BA7333245E9}.AppStore|iPhone.ActiveCfg = Debug|Any CPU
		{10F2F5C0-CE50-4401-A846-0BA7333245E9}.AppStore|iPhone.Build.0 = Debug|Any CPU
		{10F2F5C0-CE50-4401-A846-0BA7333245E9}.AppStore|iPhoneSimulator.ActiveCfg = Debug|Any CPU
		{10F2F5C0-CE50-4401-A846-0BA7333245E9}.AppStore|iPhoneSimulator.Build.0 = Debug|Any CPU
		{10F2F5C0-CE50-4401-A846-0BA7333245E9}.AppStore|x64.ActiveCfg = Debug|Any CPU
		{10F2F5C0-CE50-4401-A846-0BA7333245E9}.AppStore|x64.Build.0 = Debug|Any CPU
		{10F2F5C0-CE50-4401-A846-0BA7333245E9}.AppStore|x86.ActiveCfg = Debug|Any CPU
		{10F2F5C0-CE50-4401-A846-0BA7333245E9}.AppStore|x86.Build.0 = Debug|Any CPU
		{10F2F5C0-CE50-4401-A846-0BA7333245E9}.Debug|Any CPU.ActiveCfg = Debug|Any CPU
		{10F2F5C0-CE50-4401-A846-0BA7333245E9}.Debug|Any CPU.Build.0 = Debug|Any CPU
		{10F2F5C0-CE50-4401-A846-0BA7333245E9}.Debug|ARM.ActiveCfg = Debug|Any CPU
		{10F2F5C0-CE50-4401-A846-0BA7333245E9}.Debug|ARM.Build.0 = Debug|Any CPU
		{10F2F5C0-CE50-4401-A846-0BA7333245E9}.Debug|iPhone.ActiveCfg = Debug|Any CPU
		{10F2F5C0-CE50-4401-A846-0BA7333245E9}.Debug|iPhone.Build.0 = Debug|Any CPU
		{10F2F5C0-CE50-4401-A846-0BA7333245E9}.Debug|iPhoneSimulator.ActiveCfg = Debug|Any CPU
		{10F2F5C0-CE50-4401-A846-0BA7333245E9}.Debug|iPhoneSimulator.Build.0 = Debug|Any CPU
		{10F2F5C0-CE50-4401-A846-0BA7333245E9}.Debug|x64.ActiveCfg = Debug|Any CPU
		{10F2F5C0-CE50-4401-A846-0BA7333245E9}.Debug|x64.Build.0 = Debug|Any CPU
		{10F2F5C0-CE50-4401-A846-0BA7333245E9}.Debug|x86.ActiveCfg = Debug|Any CPU
		{10F2F5C0-CE50-4401-A846-0BA7333245E9}.Debug|x86.Build.0 = Debug|Any CPU
		{10F2F5C0-CE50-4401-A846-0BA7333245E9}.Release|Any CPU.ActiveCfg = Release|Any CPU
		{10F2F5C0-CE50-4401-A846-0BA7333245E9}.Release|Any CPU.Build.0 = Release|Any CPU
		{10F2F5C0-CE50-4401-A846-0BA7333245E9}.Release|ARM.ActiveCfg = Release|Any CPU
		{10F2F5C0-CE50-4401-A846-0BA7333245E9}.Release|ARM.Build.0 = Release|Any CPU
		{10F2F5C0-CE50-4401-A846-0BA7333245E9}.Release|iPhone.ActiveCfg = Release|Any CPU
		{10F2F5C0-CE50-4401-A846-0BA7333245E9}.Release|iPhone.Build.0 = Release|Any CPU
		{10F2F5C0-CE50-4401-A846-0BA7333245E9}.Release|iPhoneSimulator.ActiveCfg = Release|Any CPU
		{10F2F5C0-CE50-4401-A846-0BA7333245E9}.Release|iPhoneSimulator.Build.0 = Release|Any CPU
		{10F2F5C0-CE50-4401-A846-0BA7333245E9}.Release|x64.ActiveCfg = Release|Any CPU
		{10F2F5C0-CE50-4401-A846-0BA7333245E9}.Release|x64.Build.0 = Release|Any CPU
		{10F2F5C0-CE50-4401-A846-0BA7333245E9}.Release|x86.ActiveCfg = Release|Any CPU
		{10F2F5C0-CE50-4401-A846-0BA7333245E9}.Release|x86.Build.0 = Release|Any CPU
		{05AE3AF6-EE1D-44CB-B7E0-BFB15CD30BF6}.Ad-Hoc|Any CPU.ActiveCfg = Debug|Any CPU
		{05AE3AF6-EE1D-44CB-B7E0-BFB15CD30BF6}.Ad-Hoc|Any CPU.Build.0 = Debug|Any CPU
		{05AE3AF6-EE1D-44CB-B7E0-BFB15CD30BF6}.Ad-Hoc|ARM.ActiveCfg = Debug|Any CPU
		{05AE3AF6-EE1D-44CB-B7E0-BFB15CD30BF6}.Ad-Hoc|ARM.Build.0 = Debug|Any CPU
		{05AE3AF6-EE1D-44CB-B7E0-BFB15CD30BF6}.Ad-Hoc|iPhone.ActiveCfg = Debug|Any CPU
		{05AE3AF6-EE1D-44CB-B7E0-BFB15CD30BF6}.Ad-Hoc|iPhone.Build.0 = Debug|Any CPU
		{05AE3AF6-EE1D-44CB-B7E0-BFB15CD30BF6}.Ad-Hoc|iPhoneSimulator.ActiveCfg = Debug|Any CPU
		{05AE3AF6-EE1D-44CB-B7E0-BFB15CD30BF6}.Ad-Hoc|iPhoneSimulator.Build.0 = Debug|Any CPU
		{05AE3AF6-EE1D-44CB-B7E0-BFB15CD30BF6}.Ad-Hoc|x64.ActiveCfg = Debug|Any CPU
		{05AE3AF6-EE1D-44CB-B7E0-BFB15CD30BF6}.Ad-Hoc|x64.Build.0 = Debug|Any CPU
		{05AE3AF6-EE1D-44CB-B7E0-BFB15CD30BF6}.Ad-Hoc|x86.ActiveCfg = Debug|Any CPU
		{05AE3AF6-EE1D-44CB-B7E0-BFB15CD30BF6}.Ad-Hoc|x86.Build.0 = Debug|Any CPU
		{05AE3AF6-EE1D-44CB-B7E0-BFB15CD30BF6}.AppStore|Any CPU.ActiveCfg = Debug|Any CPU
		{05AE3AF6-EE1D-44CB-B7E0-BFB15CD30BF6}.AppStore|Any CPU.Build.0 = Debug|Any CPU
		{05AE3AF6-EE1D-44CB-B7E0-BFB15CD30BF6}.AppStore|ARM.ActiveCfg = Debug|Any CPU
		{05AE3AF6-EE1D-44CB-B7E0-BFB15CD30BF6}.AppStore|ARM.Build.0 = Debug|Any CPU
		{05AE3AF6-EE1D-44CB-B7E0-BFB15CD30BF6}.AppStore|iPhone.ActiveCfg = Debug|Any CPU
		{05AE3AF6-EE1D-44CB-B7E0-BFB15CD30BF6}.AppStore|iPhone.Build.0 = Debug|Any CPU
		{05AE3AF6-EE1D-44CB-B7E0-BFB15CD30BF6}.AppStore|iPhoneSimulator.ActiveCfg = Debug|Any CPU
		{05AE3AF6-EE1D-44CB-B7E0-BFB15CD30BF6}.AppStore|iPhoneSimulator.Build.0 = Debug|Any CPU
		{05AE3AF6-EE1D-44CB-B7E0-BFB15CD30BF6}.AppStore|x64.ActiveCfg = Debug|Any CPU
		{05AE3AF6-EE1D-44CB-B7E0-BFB15CD30BF6}.AppStore|x64.Build.0 = Debug|Any CPU
		{05AE3AF6-EE1D-44CB-B7E0-BFB15CD30BF6}.AppStore|x86.ActiveCfg = Debug|Any CPU
		{05AE3AF6-EE1D-44CB-B7E0-BFB15CD30BF6}.AppStore|x86.Build.0 = Debug|Any CPU
		{05AE3AF6-EE1D-44CB-B7E0-BFB15CD30BF6}.Debug|Any CPU.ActiveCfg = Debug|Any CPU
		{05AE3AF6-EE1D-44CB-B7E0-BFB15CD30BF6}.Debug|Any CPU.Build.0 = Debug|Any CPU
		{05AE3AF6-EE1D-44CB-B7E0-BFB15CD30BF6}.Debug|ARM.ActiveCfg = Debug|Any CPU
		{05AE3AF6-EE1D-44CB-B7E0-BFB15CD30BF6}.Debug|ARM.Build.0 = Debug|Any CPU
		{05AE3AF6-EE1D-44CB-B7E0-BFB15CD30BF6}.Debug|iPhone.ActiveCfg = Debug|Any CPU
		{05AE3AF6-EE1D-44CB-B7E0-BFB15CD30BF6}.Debug|iPhone.Build.0 = Debug|Any CPU
		{05AE3AF6-EE1D-44CB-B7E0-BFB15CD30BF6}.Debug|iPhoneSimulator.ActiveCfg = Debug|Any CPU
		{05AE3AF6-EE1D-44CB-B7E0-BFB15CD30BF6}.Debug|iPhoneSimulator.Build.0 = Debug|Any CPU
		{05AE3AF6-EE1D-44CB-B7E0-BFB15CD30BF6}.Debug|x64.ActiveCfg = Debug|Any CPU
		{05AE3AF6-EE1D-44CB-B7E0-BFB15CD30BF6}.Debug|x64.Build.0 = Debug|Any CPU
		{05AE3AF6-EE1D-44CB-B7E0-BFB15CD30BF6}.Debug|x86.ActiveCfg = Debug|Any CPU
		{05AE3AF6-EE1D-44CB-B7E0-BFB15CD30BF6}.Debug|x86.Build.0 = Debug|Any CPU
		{05AE3AF6-EE1D-44CB-B7E0-BFB15CD30BF6}.Release|Any CPU.ActiveCfg = Release|Any CPU
		{05AE3AF6-EE1D-44CB-B7E0-BFB15CD30BF6}.Release|Any CPU.Build.0 = Release|Any CPU
		{05AE3AF6-EE1D-44CB-B7E0-BFB15CD30BF6}.Release|ARM.ActiveCfg = Release|Any CPU
		{05AE3AF6-EE1D-44CB-B7E0-BFB15CD30BF6}.Release|ARM.Build.0 = Release|Any CPU
		{05AE3AF6-EE1D-44CB-B7E0-BFB15CD30BF6}.Release|iPhone.ActiveCfg = Release|Any CPU
		{05AE3AF6-EE1D-44CB-B7E0-BFB15CD30BF6}.Release|iPhone.Build.0 = Release|Any CPU
		{05AE3AF6-EE1D-44CB-B7E0-BFB15CD30BF6}.Release|iPhoneSimulator.ActiveCfg = Release|Any CPU
		{05AE3AF6-EE1D-44CB-B7E0-BFB15CD30BF6}.Release|iPhoneSimulator.Build.0 = Release|Any CPU
		{05AE3AF6-EE1D-44CB-B7E0-BFB15CD30BF6}.Release|x64.ActiveCfg = Release|Any CPU
		{05AE3AF6-EE1D-44CB-B7E0-BFB15CD30BF6}.Release|x64.Build.0 = Release|Any CPU
		{05AE3AF6-EE1D-44CB-B7E0-BFB15CD30BF6}.Release|x86.ActiveCfg = Release|Any CPU
		{05AE3AF6-EE1D-44CB-B7E0-BFB15CD30BF6}.Release|x86.Build.0 = Release|Any CPU
	EndGlobalSection
	GlobalSection(SolutionProperties) = preSolution
		HideSolutionNode = FALSE
	EndGlobalSection
	GlobalSection(NestedProjects) = preSolution
		{8AF372D1-9B9F-4B8E-9887-3DB6B7D0D0B3} = {F67211A5-9725-4D99-AA46-E7AFEE908394}
		{26B95D89-96E1-4091-9F7D-489EF4DB8349} = {8AF372D1-9B9F-4B8E-9887-3DB6B7D0D0B3}
		{DB1BBFCC-A5EC-4AA1-A677-2C528357B2B9} = {8AF372D1-9B9F-4B8E-9887-3DB6B7D0D0B3}
		{6E4AAAC8-1C17-49A7-8652-689AD9F272C8} = {8AF372D1-9B9F-4B8E-9887-3DB6B7D0D0B3}
		{3BC0AC7E-3B3B-4D3F-9CC0-B2BDECC460A6} = {8AF372D1-9B9F-4B8E-9887-3DB6B7D0D0B3}
		{7373FB7F-7D8C-42B8-8D78-AEE9E76C524C} = {F1E25F01-5A7C-4290-A7C9-F0A6DC9FBC65}
		{BCD9204D-5D83-420E-B32A-1DAFD4A50E67} = {F67211A5-9725-4D99-AA46-E7AFEE908394}
		{55928A6C-F0EA-4D62-B5AE-72455312B264} = {E2E41C4B-6910-4662-83DE-41792E72FACF}
		{3023740F-4B8B-46AC-B192-37144F23CBE4} = {1B1FD36B-3763-4926-83CE-48690505E909}
		{FC75E57E-3B8E-4798-8131-2C1BFB323318} = {E2E41C4B-6910-4662-83DE-41792E72FACF}
		{EB5A5557-A776-46C7-9BD0-FFC5F822D8B7} = {B0CC6DCE-A80D-48B6-9523-8A61BA1BF004}
		{3B84D020-558E-4B8C-867F-F74ACA34C25E} = {B0CC6DCE-A80D-48B6-9523-8A61BA1BF004}
		{7A60B781-E323-42F0-830B-D130ECDA2F72} = {E2E41C4B-6910-4662-83DE-41792E72FACF}
		{D04E5F56-4B9C-4A74-94FD-35AD597A0B0F} = {E2E41C4B-6910-4662-83DE-41792E72FACF}
		{2ACC362C-39F3-4BE7-95C5-9F3CDB895366} = {F67211A5-9725-4D99-AA46-E7AFEE908394}
		{8BB66DAD-5E85-40C7-B168-AE8FF4E505E0} = {2ACC362C-39F3-4BE7-95C5-9F3CDB895366}
		{805F1666-508A-401D-BE0E-AEF12AE1C537} = {2ACC362C-39F3-4BE7-95C5-9F3CDB895366}
		{8640FAF5-9D3C-4711-92EE-0342670EB646} = {BCD9204D-5D83-420E-B32A-1DAFD4A50E67}
		{413A68D6-35E2-4ECB-8CC6-A36A8C5642F4} = {BCD9204D-5D83-420E-B32A-1DAFD4A50E67}
		{76834ABB-9904-4178-A985-3B802910BE3C} = {BCD9204D-5D83-420E-B32A-1DAFD4A50E67}
		{10F2F5C0-CE50-4401-A846-0BA7333245E9} = {BCD9204D-5D83-420E-B32A-1DAFD4A50E67}
		{05AE3AF6-EE1D-44CB-B7E0-BFB15CD30BF6} = {BCD9204D-5D83-420E-B32A-1DAFD4A50E67}
	EndGlobalSection
	GlobalSection(ExtensibilityGlobals) = postSolution
		SolutionGuid = {D77C87DB-C61D-4A99-B7BD-C69DAA3A9BA5}
	EndGlobalSection
EndGlobal
